// !$*UTF8*$!
{
	archiveVersion = 1;
	classes = {
	};
	objectVersion = 46;
	objects = {

		378D7C150BB336AC08951CD3 = {isa = PBXBuildFile; fileRef = 6A875CD85DD44645993BEF8A; };
		1886937E6441DCFDD76A737E = {isa = PBXBuildFile; fileRef = EEA5E18A0CAB4FA3C57C4951; };
		EBAA8A562D391B5A05C9CA17 = {isa = PBXBuildFile; fileRef = 64CDB83B7CD434FF78AD3B16; };
		7FF75E28BA5CA892192A3B8F = {isa = PBXBuildFile; fileRef = 793D45A4A9D717F9F0133903; };
		B97B8F50999FAC525F837AEC = {isa = PBXBuildFile; fileRef = B5DCAF01E0490D7413E9E85F; };
		B60DD03FE5B471BE4AFBF56B = {isa = PBXBuildFile; fileRef = 81D682238B383EB3D7010236; };
		69CB2357ACB7362893D95012 = {isa = PBXBuildFile; fileRef = 6E51E66485321B6DEE04B498; };
		6D4F4158F2C91DB092D15A4E = {isa = PBXBuildFile; fileRef = B2D10FD1DCA09407DD81E3D9; };
		E151EAA3C1E3D229E532EBC9 = {isa = PBXBuildFile; fileRef = 489410AB85E2676944BC6849; };
		9A01A0B3D022C063BF8FD174 = {isa = PBXBuildFile; fileRef = C8E88A29F939C3CCF2C68680; };
		492C7A14D06051F2658A4EAC = {isa = PBXBuildFile; fileRef = E3CF6F6E863D4971611CD67B; };
		C8BA5DA9960ADC3B701450CE = {isa = PBXBuildFile; fileRef = CAB486A67326C42FB2A78153; };
		0719C5B672527579EBDF9E03 = {isa = PBXBuildFile; fileRef = DE2052AFA2299FB95D3BB4C9; };
		EC6497B5B35425D52A31E5C0 = {isa = PBXBuildFile; fileRef = 10D58101D9CF713D8D29038A; };
		51F3070CA8212EB1AAED4111 = {isa = PBXBuildFile; fileRef = 30744A6204FE54F2D8346C1E; };
		2F3E33CC64063B4FEB2BE791 = {isa = PBXBuildFile; fileRef = ED5C6B8B3DD2D645D3F85793; };
		7B0D8ED0A8B9CEC97E3A9ECA = {isa = PBXBuildFile; fileRef = 31E758A3F80CF0529EEF871D; };
		180B26779E5C236FA3468248 = {isa = PBXBuildFile; fileRef = 0EA7A3C76515481FA0C9E27B; };
		7F697884452DE1C9E5DFC8EC = {isa = PBXBuildFile; fileRef = 3EADEFDCB42F906AC23211A5; };
		06AFAE76CF4CEE798E4320F4 = {isa = PBXBuildFile; fileRef = 371F24F5FE4D41E6741D3034; };
		3394F245DAD91D720F33E28B = {isa = PBXBuildFile; fileRef = F4952FBC07881B0BFC4F5990; };
		D245DAFE65CD853AF9E8D28F = {isa = PBXBuildFile; fileRef = ECCE7DC9C861A9E3B6F270EA; };
		736A78D369A8942B0D85EFDF = {isa = PBXBuildFile; fileRef = E15D453A35A99BA2E1932201; };
		FBF7BAA42207EDEA54613F6B = {isa = PBXBuildFile; fileRef = A6EF641E9F24F9EB0056CEE1; };
		B79BED7125513E7A8168E3E3 = {isa = PBXBuildFile; fileRef = 43FCE0C61AEDEB8D186999A2; };
		EF183563B87926555BE2B396 = {isa = PBXBuildFile; fileRef = 293999E647538779E286171C; };
		9F69F2206B36AF9FAFC8F121 = {isa = PBXBuildFile; fileRef = A70E0B3F030A229D45872884; };
		2466BE3EB8752CEA593A624E = {isa = PBXBuildFile; fileRef = 5F998211964D2456DECD6656; };
		AAF4F05E884E3F23F6EABFB3 = {isa = PBXBuildFile; fileRef = 7AABCD987C83C74E8DA6702F; };
		ACF7DEAB6F461996CDE18E67 = {isa = PBXBuildFile; fileRef = C83002F10D591B7F9B368E41; };
		BF01A550061D2798C4CA514D = {isa = PBXBuildFile; fileRef = 18220F9B4A12E3AB2B6DE075; };
		FF220C4091A1DD9196CDAC82 = {isa = PBXBuildFile; fileRef = B314904664377EB548A71E01; };
		34F4ED45DE5DD74AD2093689 = {isa = PBXBuildFile; fileRef = 8DC0EAFEEFB3126D699CA97C; };
		C0118A3C4E6E3EE8033497C4 = {isa = PBXBuildFile; fileRef = 242DD6B8725B899A0BB25349; };
		F9D7EB995020BE7207E30110 = {isa = PBXBuildFile; fileRef = 723F0CEC89693948A86E31F3; };
		79DBAA4941554E58B6978435 = {isa = PBXBuildFile; fileRef = 6DB807DAB4D43EF5455FDB36; };
		F23126F3BD6BAF19E18AA5AE = {isa = PBXBuildFile; fileRef = EE6DB577FB7C0E8A3B8DA0B9; };
		D8396FFA204979DD8D3FD657 = {isa = PBXBuildFile; fileRef = 2FA4414DDB2E41341AA75BA5; };
		876CD721D4DE614DAB7AF7EF = {isa = PBXBuildFile; fileRef = 973AF63D6A9528AF7BF1D903; };
		F3BD01E8B7DDAE942CAF6612 = {isa = PBXBuildFile; fileRef = 884315C5A1EC8DB03C7B543B; };
		1F4AD938788C2C305A25D230 = {isa = PBXBuildFile; fileRef = 00F169F4F344BBF6892637D1; };
		F64DEA2D8C5CCF23A79B7462 = {isa = PBXBuildFile; fileRef = FE2AD97F03F339F27E32A12D; };
		FB61B5D8BD56502B3F710F99 = {isa = PBXBuildFile; fileRef = 4C2B033D0DAAA6309E330DE7; };
		306B1A12D669B20E720BB38E = {isa = PBXBuildFile; fileRef = EF57F8D59B0C326941BD663E; };
		79D08123397EB7193AD84374 = {isa = PBXBuildFile; fileRef = 3D8BA8E1900EE05677B2CC13; };
		C6E9B15140A2E1B45ACCBEF5 = {isa = PBXBuildFile; fileRef = 0D6AC4CD1AB952DA99E28B23; };
		C05ED6CFEAE6927FBFFFB07E = {isa = PBXBuildFile; fileRef = CD053589A2351711B21EACAE; };
		00F169F4F344BBF6892637D1 = {isa = PBXFileReference; lastKnownFileType = sourcecode.cpp.cpp; name = Main.cpp; path = ../../Source/Main.cpp; sourceTree = "SOURCE_ROOT"; };
		084A5F8E034F11EA7A30C7BD = {isa = PBXFileReference; lastKnownFileType = sourcecode.c.h; name = AppMenuButton.h; path = ../../Source/Components/AppMenuButton.h; sourceTree = "SOURCE_ROOT"; };
		0ABE7BEDB69639F8DF05520A = {isa = PBXFileReference; lastKnownFileType = file; name = "juce_data_structures"; path = "../../deps/JUCE/modules/juce_data_structures"; sourceTree = "SOURCE_ROOT"; };
		0D6AC4CD1AB952DA99E28B23 = {isa = PBXFileReference; lastKnownFileType = sourcecode.cpp.objcpp; name = "include_juce_graphics.mm"; path = "../../JuceLibraryCode/include_juce_graphics.mm"; sourceTree = "SOURCE_ROOT"; };
		0EA5F70BB96DEA3B63886CFE = {isa = PBXFileReference; lastKnownFileType = file.json; name = config.json; path = ../../assets/config.json; sourceTree = "SOURCE_ROOT"; };
		0EA7A3C76515481FA0C9E27B = {isa = PBXFileReference; lastKnownFileType = sourcecode.cpp.cpp; name = DateTimePage.cpp; path = ../../Source/Components/Pages/DateTimePage.cpp; sourceTree = "SOURCE_ROOT"; };
		10D58101D9CF713D8D29038A = {isa = PBXFileReference; lastKnownFileType = sourcecode.cpp.cpp; name = SwitchComponent.cpp; path = ../../Source/Components/Basic/SwitchComponent.cpp; sourceTree = "SOURCE_ROOT"; };
		18220F9B4A12E3AB2B6DE075 = {isa = PBXFileReference; lastKnownFileType = sourcecode.cpp.cpp; name = SettingsPageLogin.cpp; path = ../../Source/Components/SettingsPageLogin.cpp; sourceTree = "SOURCE_ROOT"; };
		242DD6B8725B899A0BB25349 = {isa = PBXFileReference; lastKnownFileType = sourcecode.cpp.cpp; name = ConfigFile.cpp; path = ../../Source/ConfigFile.cpp; sourceTree = "SOURCE_ROOT"; };
		243FA0B57C56989919E43EF7 = {isa = PBXFileReference; lastKnownFileType = text.plist.xml; name = "Info-App.plist"; path = "Info-App.plist"; sourceTree = "SOURCE_ROOT"; };
		268002476783FE4870678DF8 = {isa = PBXFileReference; lastKnownFileType = sourcecode.c.h; name = BinaryData.h; path = ../../JuceLibraryCode/BinaryData.h; sourceTree = "SOURCE_ROOT"; };
		293999E647538779E286171C = {isa = PBXFileReference; lastKnownFileType = sourcecode.cpp.cpp; name = AppMenuButton.cpp; path = ../../Source/Components/AppMenuButton.cpp; sourceTree = "SOURCE_ROOT"; };
		298E0983DA02576FB93C0A89 = {isa = PBXFileReference; lastKnownFileType = sourcecode.c.h; name = JuceHeader.h; path = ../../JuceLibraryCode/JuceHeader.h; sourceTree = "SOURCE_ROOT"; };
		2C5B36B8DD840900AE795403 = {isa = PBXFileReference; lastKnownFileType = file; name = "juce_graphics"; path = "../../deps/JUCE/modules/juce_graphics"; sourceTree = "SOURCE_ROOT"; };
		2FA4414DDB2E41341AA75BA5 = {isa = PBXFileReference; lastKnownFileType = sourcecode.cpp.cpp; name = BatteryMonitor.cpp; path = ../../Source/BatteryMonitor.cpp; sourceTree = "SOURCE_ROOT"; };
		30744A6204FE54F2D8346C1E = {isa = PBXFileReference; lastKnownFileType = sourcecode.cpp.cpp; name = VectorImageButton.cpp; path = ../../Source/Components/Basic/VectorImageButton.cpp; sourceTree = "SOURCE_ROOT"; };
		31E758A3F80CF0529EEF871D = {isa = PBXFileReference; lastKnownFileType = sourcecode.cpp.cpp; name = AppMenuPage.cpp; path = ../../Source/Components/Pages/AppMenuPage.cpp; sourceTree = "SOURCE_ROOT"; };
		371F24F5FE4D41E6741D3034 = {isa = PBXFileReference; lastKnownFileType = sourcecode.cpp.cpp; name = LauncherComponent.cpp; path = ../../Source/Components/Pages/LauncherComponent.cpp; sourceTree = "SOURCE_ROOT"; };
		3D8BA8E1900EE05677B2CC13 = {isa = PBXFileReference; lastKnownFileType = sourcecode.cpp.objcpp; name = "include_juce_events.mm"; path = "../../JuceLibraryCode/include_juce_events.mm"; sourceTree = "SOURCE_ROOT"; };
		3EADEFDCB42F906AC23211A5 = {isa = PBXFileReference; lastKnownFileType = sourcecode.cpp.cpp; name = InputSettingsPage.cpp; path = ../../Source/Components/Pages/InputSettingsPage.cpp; sourceTree = "SOURCE_ROOT"; };
		416F8939DA1E57BE4476029A = {isa = PBXFileReference; lastKnownFileType = sourcecode.c.h; name = LauncherComponent.h; path = ../../Source/Components/Pages/LauncherComponent.h; sourceTree = "SOURCE_ROOT"; };
		4223ACAC7C171CF75945FD82 = {isa = PBXFileReference; lastKnownFileType = sourcecode.c.h; name = PageStackComponent.h; path = ../../Source/Components/Pages/PageStackComponent.h; sourceTree = "SOURCE_ROOT"; };
		43FCE0C61AEDEB8D186999A2 = {isa = PBXFileReference; lastKnownFileType = sourcecode.cpp.cpp; name = SettingsPageComponent.cpp; path = ../../Source/Components/Pages/SettingsPageComponent.cpp; sourceTree = "SOURCE_ROOT"; };
		4740A7708D76891072C87A5F = {isa = PBXFileReference; lastKnownFileType = sourcecode.c.h; name = BatteryMonitor.h; path = ../../Source/BatteryMonitor.h; sourceTree = "SOURCE_ROOT"; };
		489410AB85E2676944BC6849 = {isa = PBXFileReference; lastKnownFileType = sourcecode.cpp.cpp; name = WifiStatusNM.cpp; path = ../../Source/Wifi/WifiStatusNM.cpp; sourceTree = "SOURCE_ROOT"; };
		4C2B033D0DAAA6309E330DE7 = {isa = PBXFileReference; lastKnownFileType = sourcecode.cpp.objcpp; name = "include_juce_core.mm"; path = "../../JuceLibraryCode/include_juce_core.mm"; sourceTree = "SOURCE_ROOT"; };
		598150066490E1D4CC457246 = {isa = PBXFileReference; lastKnownFileType = sourcecode.c.h; name = SettingsPageWifiComponent.h; path = ../../Source/Components/SettingsPageWifiComponent.h; sourceTree = "SOURCE_ROOT"; };
		5BB31750DECCBE289074CDAC = {isa = PBXFileReference; lastKnownFileType = sourcecode.c.h; name = BatteryIcon.h; path = ../../Source/Components/BatteryIcon.h; sourceTree = "SOURCE_ROOT"; };
		5F998211964D2456DECD6656 = {isa = PBXFileReference; lastKnownFileType = sourcecode.cpp.cpp; name = BatteryIcon.cpp; path = ../../Source/Components/BatteryIcon.cpp; sourceTree = "SOURCE_ROOT"; };
		64A4CB08EC1DE1880BEBA438 = {isa = PBXFileReference; lastKnownFileType = sourcecode.c.h; name = OverlaySpinner.h; path = ../../Source/Components/Basic/OverlaySpinner.h; sourceTree = "SOURCE_ROOT"; };
		64CDB83B7CD434FF78AD3B16 = {isa = PBXFileReference; lastKnownFileType = wrapper.framework; name = Cocoa.framework; path = System/Library/Frameworks/Cocoa.framework; sourceTree = SDKROOT; };
		6830F642C9636C388134A48B = {isa = PBXFileReference; lastKnownFileType = sourcecode.c.h; name = AppMenuComponent.h; path = ../../Source/Components/AppMenuComponent.h; sourceTree = "SOURCE_ROOT"; };
		68AEBC2A842A64EC0FF05CCD = {isa = PBXFileReference; lastKnownFileType = sourcecode.c.h; name = SettingsPageBluetoothComponent.h; path = ../../Source/Components/SettingsPageBluetoothComponent.h; sourceTree = "SOURCE_ROOT"; };
		6A875CD85DD44645993BEF8A = {isa = PBXFileReference; explicitFileType = wrapper.application; includeInIndex = 0; path = "pocket-home.app"; sourceTree = "BUILT_PRODUCTS_DIR"; };
		6D6C24217AA339D3A3F43101 = {isa = PBXFileReference; lastKnownFileType = file; name = "juce_core"; path = "../../deps/JUCE/modules/juce_core"; sourceTree = "SOURCE_ROOT"; };
		6DB807DAB4D43EF5455FDB36 = {isa = PBXFileReference; lastKnownFileType = sourcecode.cpp.cpp; name = DesktopEntry.cpp; path = ../../Source/DesktopEntry.cpp; sourceTree = "SOURCE_ROOT"; };
		6E51E66485321B6DEE04B498 = {isa = PBXFileReference; lastKnownFileType = sourcecode.cpp.cpp; name = WifiStatus.cpp; path = ../../Source/Wifi/WifiStatus.cpp; sourceTree = "SOURCE_ROOT"; };
		71623B7CD75938C5057AE7BD = {isa = PBXFileReference; lastKnownFileType = sourcecode.c.h; name = DesktopEntries.h; path = ../../Source/DesktopEntries.h; sourceTree = "SOURCE_ROOT"; };
		71ADE7D87D911BBE51069D03 = {isa = PBXFileReference; lastKnownFileType = sourcecode.c.h; name = MenuItem.h; path = ../../Source/Components/Basic/MenuItem.h; sourceTree = "SOURCE_ROOT"; };
		723F0CEC89693948A86E31F3 = {isa = PBXFileReference; lastKnownFileType = sourcecode.cpp.cpp; name = DesktopEntries.cpp; path = ../../Source/DesktopEntries.cpp; sourceTree = "SOURCE_ROOT"; };
		73C239F12838F2A4C304E3BC = {isa = PBXFileReference; lastKnownFileType = sourcecode.c.h; name = IconSliderComponent.h; path = ../../Source/Components/Basic/IconSliderComponent.h; sourceTree = "SOURCE_ROOT"; };
		793D45A4A9D717F9F0133903 = {isa = PBXFileReference; lastKnownFileType = wrapper.framework; name = IOKit.framework; path = System/Library/Frameworks/IOKit.framework; sourceTree = SDKROOT; };
		7A0AFFC612355BC65FC5D8DA = {isa = PBXFileReference; lastKnownFileType = sourcecode.c.h; name = MainComponent.h; path = ../../Source/Components/MainComponent.h; sourceTree = "SOURCE_ROOT"; };
		7AABCD987C83C74E8DA6702F = {isa = PBXFileReference; lastKnownFileType = sourcecode.cpp.cpp; name = MainComponent.cpp; path = ../../Source/Components/MainComponent.cpp; sourceTree = "SOURCE_ROOT"; };
		7E9569E7D94AAE9B40A8E9F6 = {isa = PBXFileReference; lastKnownFileType = sourcecode.c.h; name = Utils.h; path = ../../Source/Utils.h; sourceTree = "SOURCE_ROOT"; };
		81D682238B383EB3D7010236 = {isa = PBXFileReference; lastKnownFileType = file.nib; name = RecentFilesMenuTemplate.nib; path = RecentFilesMenuTemplate.nib; sourceTree = "SOURCE_ROOT"; };
		838A1FDC1A43D1D0D86FFFD8 = {isa = PBXFileReference; lastKnownFileType = file.ttf; name = "Lato-Regular.ttf"; path = "../../assets/fonts/Lato-Regular.ttf"; sourceTree = "SOURCE_ROOT"; };
		8484EF7FFB9191705FD402F6 = {isa = PBXFileReference; lastKnownFileType = sourcecode.c.h; name = WifiIcon.h; path = ../../Source/Components/WifiIcon.h; sourceTree = "SOURCE_ROOT"; };
		884315C5A1EC8DB03C7B543B = {isa = PBXFileReference; lastKnownFileType = sourcecode.cpp.cpp; name = PokeLookAndFeel.cpp; path = ../../Source/PokeLookAndFeel.cpp; sourceTree = "SOURCE_ROOT"; };
		8DC0EAFEEFB3126D699CA97C = {isa = PBXFileReference; lastKnownFileType = sourcecode.cpp.cpp; name = WifiIcon.cpp; path = ../../Source/Components/WifiIcon.cpp; sourceTree = "SOURCE_ROOT"; };
		8ECF0F64D2EC5D476238346F = {isa = PBXFileReference; lastKnownFileType = sourcecode.c.h; name = WifiStatusJson.h; path = ../../Source/Wifi/WifiStatusJson.h; sourceTree = "SOURCE_ROOT"; };
		927364F39ABEA3B200BB7AC8 = {isa = PBXFileReference; lastKnownFileType = file; name = "juce_events"; path = "../../deps/JUCE/modules/juce_events"; sourceTree = "SOURCE_ROOT"; };
		9457D81CA0A18C8F75178298 = {isa = PBXFileReference; lastKnownFileType = sourcecode.c.h; name = PokeLookAndFeel.h; path = ../../Source/PokeLookAndFeel.h; sourceTree = "SOURCE_ROOT"; };
		973AF63D6A9528AF7BF1D903 = {isa = PBXFileReference; lastKnownFileType = sourcecode.cpp.cpp; name = Utils.cpp; path = ../../Source/Utils.cpp; sourceTree = "SOURCE_ROOT"; };
		9B4107A89393FE9232E85F01 = {isa = PBXFileReference; lastKnownFileType = sourcecode.c.h; name = InputSettingsPage.h; path = ../../Source/Components/Pages/InputSettingsPage.h; sourceTree = "SOURCE_ROOT"; };
		9E0865D3684F1759A8C492C8 = {isa = PBXFileReference; lastKnownFileType = sourcecode.c.h; name = ClockMonitor.hpp; path = ../../Source/ClockMonitor.hpp; sourceTree = "SOURCE_ROOT"; };
		A15B08F6A340E808C7804041 = {isa = PBXFileReference; lastKnownFileType = sourcecode.c.h; name = SwitchComponent.h; path = ../../Source/Components/Basic/SwitchComponent.h; sourceTree = "SOURCE_ROOT"; };
		A6EF641E9F24F9EB0056CEE1 = {isa = PBXFileReference; lastKnownFileType = sourcecode.cpp.cpp; name = PowerPageFelComponent.cpp; path = ../../Source/Components/Pages/PowerPageFelComponent.cpp; sourceTree = "SOURCE_ROOT"; };
		A70E0B3F030A229D45872884 = {isa = PBXFileReference; lastKnownFileType = sourcecode.cpp.cpp; name = AppMenuComponent.cpp; path = ../../Source/Components/AppMenuComponent.cpp; sourceTree = "SOURCE_ROOT"; };
		B2D10FD1DCA09407DD81E3D9 = {isa = PBXFileReference; lastKnownFileType = sourcecode.cpp.cpp; name = WifiStatusJson.cpp; path = ../../Source/Wifi/WifiStatusJson.cpp; sourceTree = "SOURCE_ROOT"; };
		B304BC7BACFAEF95CA04D016 = {isa = PBXFileReference; lastKnownFileType = sourcecode.c.h; name = WifiStatus.h; path = ../../Source/Wifi/WifiStatus.h; sourceTree = "SOURCE_ROOT"; };
		B314904664377EB548A71E01 = {isa = PBXFileReference; lastKnownFileType = sourcecode.cpp.cpp; name = SettingsPageWifiComponent.cpp; path = ../../Source/Components/SettingsPageWifiComponent.cpp; sourceTree = "SOURCE_ROOT"; };
		B4411F50910F6BDA8DBD917B = {isa = PBXFileReference; lastKnownFileType = sourcecode.c.h; name = PersonalizePageComponent.h; path = ../../Source/Components/Pages/PersonalizePageComponent.h; sourceTree = "SOURCE_ROOT"; };
		B5DCAF01E0490D7413E9E85F = {isa = PBXFileReference; lastKnownFileType = wrapper.framework; name = QuartzCore.framework; path = System/Library/Frameworks/QuartzCore.framework; sourceTree = SDKROOT; };
		B5EDF34EA480D15E6EFAA731 = {isa = PBXFileReference; lastKnownFileType = sourcecode.c.h; name = PowerPageComponent.h; path = ../../Source/Components/Pages/PowerPageComponent.h; sourceTree = "SOURCE_ROOT"; };
		BB0D4519EAA1F67E3F785818 = {isa = PBXFileReference; lastKnownFileType = sourcecode.c.h; name = VectorImageButton.h; path = ../../Source/Components/Basic/VectorImageButton.h; sourceTree = "SOURCE_ROOT"; };
		BB3D58FDF2D817776CE58B99 = {isa = PBXFileReference; lastKnownFileType = sourcecode.c.h; name = AppConfig.h; path = ../../JuceLibraryCode/AppConfig.h; sourceTree = "SOURCE_ROOT"; };
		BD5317BE44CE6DD4FA7B4CB8 = {isa = PBXFileReference; lastKnownFileType = sourcecode.c.h; name = WifiStatusNM.h; path = ../../Source/Wifi/WifiStatusNM.h; sourceTree = "SOURCE_ROOT"; };
		BEA73F0F044F15F4ECD6275B = {isa = PBXFileReference; lastKnownFileType = file.json; name = wifi.json; path = ../../assets/wifi.json; sourceTree = "SOURCE_ROOT"; };
		C4A55CD338AC718F0A513A66 = {isa = PBXFileReference; lastKnownFileType = file.json; name = bluetooth.json; path = ../../assets/bluetooth.json; sourceTree = "SOURCE_ROOT"; };
		C83002F10D591B7F9B368E41 = {isa = PBXFileReference; lastKnownFileType = sourcecode.cpp.cpp; name = SettingsPageBluetoothComponent.cpp; path = ../../Source/Components/SettingsPageBluetoothComponent.cpp; sourceTree = "SOURCE_ROOT"; };
		C8E88A29F939C3CCF2C68680 = {isa = PBXFileReference; lastKnownFileType = sourcecode.cpp.cpp; name = Grid.cpp; path = ../../Source/Components/Basic/Grid.cpp; sourceTree = "SOURCE_ROOT"; };
		CA38C3B2A65AD30515FB5CD4 = {isa = PBXFileReference; lastKnownFileType = sourcecode.c.h; name = SettingsPageComponent.h; path = ../../Source/Components/Pages/SettingsPageComponent.h; sourceTree = "SOURCE_ROOT"; };
		CAB486A67326C42FB2A78153 = {isa = PBXFileReference; lastKnownFileType = sourcecode.cpp.cpp; name = MenuItem.cpp; path = ../../Source/Components/Basic/MenuItem.cpp; sourceTree = "SOURCE_ROOT"; };
		CD053589A2351711B21EACAE = {isa = PBXFileReference; lastKnownFileType = sourcecode.cpp.objcpp; name = "include_juce_gui_basics.mm"; path = "../../JuceLibraryCode/include_juce_gui_basics.mm"; sourceTree = "SOURCE_ROOT"; };
		D4054E6611878A462290DAC0 = {isa = PBXFileReference; lastKnownFileType = sourcecode.c.h; name = AdvancedSettingsPage.h; path = ../../Source/Components/Pages/AdvancedSettingsPage.h; sourceTree = "SOURCE_ROOT"; };
		DB6EA9D180F9F82F316B3764 = {isa = PBXFileReference; lastKnownFileType = sourcecode.c.h; name = DesktopEntry.h; path = ../../Source/DesktopEntry.h; sourceTree = "SOURCE_ROOT"; };
		DE2052AFA2299FB95D3BB4C9 = {isa = PBXFileReference; lastKnownFileType = sourcecode.cpp.cpp; name = OverlaySpinner.cpp; path = ../../Source/Components/Basic/OverlaySpinner.cpp; sourceTree = "SOURCE_ROOT"; };
		E10CCF27E71FCD846DAC0AB3 = {isa = PBXFileReference; lastKnownFileType = sourcecode.c.h; name = Main.h; path = ../../Source/Main.h; sourceTree = "SOURCE_ROOT"; };
		E15D453A35A99BA2E1932201 = {isa = PBXFileReference; lastKnownFileType = sourcecode.cpp.cpp; name = PowerPageComponent.cpp; path = ../../Source/Components/Pages/PowerPageComponent.cpp; sourceTree = "SOURCE_ROOT"; };
		E3CF6F6E863D4971611CD67B = {isa = PBXFileReference; lastKnownFileType = sourcecode.cpp.cpp; name = IconSliderComponent.cpp; path = ../../Source/Components/Basic/IconSliderComponent.cpp; sourceTree = "SOURCE_ROOT"; };
		E74FB2AE953C4B7F19F17360 = {isa = PBXFileReference; lastKnownFileType = file; name = "juce_gui_basics"; path = "../../deps/JUCE/modules/juce_gui_basics"; sourceTree = "SOURCE_ROOT"; };
		E9DD7D36DE19D5E389BBA6CB = {isa = PBXFileReference; lastKnownFileType = sourcecode.c.h; name = PowerPageFelComponent.h; path = ../../Source/Components/Pages/PowerPageFelComponent.h; sourceTree = "SOURCE_ROOT"; };
		ECCE7DC9C861A9E3B6F270EA = {isa = PBXFileReference; lastKnownFileType = sourcecode.cpp.cpp; name = PersonalizePageComponent.cpp; path = ../../Source/Components/Pages/PersonalizePageComponent.cpp; sourceTree = "SOURCE_ROOT"; };
		ED5C6B8B3DD2D645D3F85793 = {isa = PBXFileReference; lastKnownFileType = sourcecode.cpp.cpp; name = AdvancedSettingsPage.cpp; path = ../../Source/Components/Pages/AdvancedSettingsPage.cpp; sourceTree = "SOURCE_ROOT"; };
		EE6DB577FB7C0E8A3B8DA0B9 = {isa = PBXFileReference; lastKnownFileType = sourcecode.cpp.cpp; name = ClockMonitor.cpp; path = ../../Source/ClockMonitor.cpp; sourceTree = "SOURCE_ROOT"; };
		EEA5E18A0CAB4FA3C57C4951 = {isa = PBXFileReference; lastKnownFileType = wrapper.framework; name = Carbon.framework; path = System/Library/Frameworks/Carbon.framework; sourceTree = SDKROOT; };
		EEF7A18A9D8AE1AE6A493486 = {isa = PBXFileReference; lastKnownFileType = sourcecode.c.h; name = AppMenuPage.h; path = ../../Source/Components/Pages/AppMenuPage.h; sourceTree = "SOURCE_ROOT"; };
		EF57F8D59B0C326941BD663E = {isa = PBXFileReference; lastKnownFileType = sourcecode.cpp.objcpp; name = "include_juce_data_structures.mm"; path = "../../JuceLibraryCode/include_juce_data_structures.mm"; sourceTree = "SOURCE_ROOT"; };
		F4952FBC07881B0BFC4F5990 = {isa = PBXFileReference; lastKnownFileType = sourcecode.cpp.cpp; name = PageStackComponent.cpp; path = ../../Source/Components/Pages/PageStackComponent.cpp; sourceTree = "SOURCE_ROOT"; };
		F52771C7C231C709E89C614C = {isa = PBXFileReference; lastKnownFileType = sourcecode.c.h; name = ConfigFile.h; path = ../../Source/ConfigFile.h; sourceTree = "SOURCE_ROOT"; };
		F9E879048F2952ECD61ABC87 = {isa = PBXFileReference; lastKnownFileType = sourcecode.c.h; name = SettingsPageLogin.h; path = ../../Source/Components/SettingsPageLogin.h; sourceTree = "SOURCE_ROOT"; };
		FC6E3DAC049B5466E1E55D12 = {isa = PBXFileReference; lastKnownFileType = sourcecode.c.h; name = DateTimePage.h; path = ../../Source/Components/Pages/DateTimePage.h; sourceTree = "SOURCE_ROOT"; };
		FD97845823FD485F76C02626 = {isa = PBXFileReference; lastKnownFileType = sourcecode.c.h; name = Grid.h; path = ../../Source/Components/Basic/Grid.h; sourceTree = "SOURCE_ROOT"; };
		FE2AD97F03F339F27E32A12D = {isa = PBXFileReference; lastKnownFileType = sourcecode.cpp.cpp; name = BinaryData.cpp; path = ../../JuceLibraryCode/BinaryData.cpp; sourceTree = "SOURCE_ROOT"; };
		8276413844176736FBBD93FD = {isa = PBXGroup; children = (
					C4A55CD338AC718F0A513A66,
					0EA5F70BB96DEA3B63886CFE,
					838A1FDC1A43D1D0D86FFFD8,
					BEA73F0F044F15F4ECD6275B, ); name = assets; sourceTree = "<group>"; };
		FCAE40D7F9CB5383DE0C8EEB = {isa = PBXGroup; children = (
					6E51E66485321B6DEE04B498,
					B304BC7BACFAEF95CA04D016,
					B2D10FD1DCA09407DD81E3D9,
					8ECF0F64D2EC5D476238346F,
					489410AB85E2676944BC6849,
					BD5317BE44CE6DD4FA7B4CB8, ); name = Wifi; sourceTree = "<group>"; };
		3AFE93D6437CBA2010A2C9C6 = {isa = PBXGroup; children = (
					C8E88A29F939C3CCF2C68680,
					FD97845823FD485F76C02626,
					E3CF6F6E863D4971611CD67B,
					73C239F12838F2A4C304E3BC,
					CAB486A67326C42FB2A78153,
					71ADE7D87D911BBE51069D03,
					DE2052AFA2299FB95D3BB4C9,
					64A4CB08EC1DE1880BEBA438,
					10D58101D9CF713D8D29038A,
					A15B08F6A340E808C7804041,
					30744A6204FE54F2D8346C1E,
					BB0D4519EAA1F67E3F785818, ); name = Basic; sourceTree = "<group>"; };
		15D8866CD9FAF26537521809 = {isa = PBXGroup; children = (
					ED5C6B8B3DD2D645D3F85793,
					D4054E6611878A462290DAC0,
					31E758A3F80CF0529EEF871D,
					EEF7A18A9D8AE1AE6A493486,
					0EA7A3C76515481FA0C9E27B,
					FC6E3DAC049B5466E1E55D12,
					3EADEFDCB42F906AC23211A5,
					9B4107A89393FE9232E85F01,
					371F24F5FE4D41E6741D3034,
					416F8939DA1E57BE4476029A,
					F4952FBC07881B0BFC4F5990,
					4223ACAC7C171CF75945FD82,
					ECCE7DC9C861A9E3B6F270EA,
					B4411F50910F6BDA8DBD917B,
					E15D453A35A99BA2E1932201,
					B5EDF34EA480D15E6EFAA731,
					A6EF641E9F24F9EB0056CEE1,
					E9DD7D36DE19D5E389BBA6CB,
					43FCE0C61AEDEB8D186999A2,
					CA38C3B2A65AD30515FB5CD4, ); name = Pages; sourceTree = "<group>"; };
		60553D032698E22478A3BFC0 = {isa = PBXGroup; children = (
					3AFE93D6437CBA2010A2C9C6,
					15D8866CD9FAF26537521809,
					293999E647538779E286171C,
					084A5F8E034F11EA7A30C7BD,
					A70E0B3F030A229D45872884,
					6830F642C9636C388134A48B,
					5F998211964D2456DECD6656,
					5BB31750DECCBE289074CDAC,
					7AABCD987C83C74E8DA6702F,
					7A0AFFC612355BC65FC5D8DA,
					C83002F10D591B7F9B368E41,
					68AEBC2A842A64EC0FF05CCD,
					18220F9B4A12E3AB2B6DE075,
					F9E879048F2952ECD61ABC87,
					B314904664377EB548A71E01,
					598150066490E1D4CC457246,
					8DC0EAFEEFB3126D699CA97C,
					8484EF7FFB9191705FD402F6, ); name = Components; sourceTree = "<group>"; };
		60F3A7B8686F8757E46AB3EA = {isa = PBXGroup; children = (
					FCAE40D7F9CB5383DE0C8EEB,
					60553D032698E22478A3BFC0,
					242DD6B8725B899A0BB25349,
					F52771C7C231C709E89C614C,
					723F0CEC89693948A86E31F3,
					71623B7CD75938C5057AE7BD,
					6DB807DAB4D43EF5455FDB36,
					DB6EA9D180F9F82F316B3764,
					EE6DB577FB7C0E8A3B8DA0B9,
					9E0865D3684F1759A8C492C8,
					2FA4414DDB2E41341AA75BA5,
					4740A7708D76891072C87A5F,
					973AF63D6A9528AF7BF1D903,
					7E9569E7D94AAE9B40A8E9F6,
					884315C5A1EC8DB03C7B543B,
					9457D81CA0A18C8F75178298,
					E10CCF27E71FCD846DAC0AB3,
					00F169F4F344BBF6892637D1, ); name = Source; sourceTree = "<group>"; };
		724F7C53A0798F4669298BFC = {isa = PBXGroup; children = (
					8276413844176736FBBD93FD,
					60F3A7B8686F8757E46AB3EA, ); name = "pocket-home"; sourceTree = "<group>"; };
		4CEF3418D19A685126462301 = {isa = PBXGroup; children = (
					6D6C24217AA339D3A3F43101,
					0ABE7BEDB69639F8DF05520A,
					927364F39ABEA3B200BB7AC8,
					2C5B36B8DD840900AE795403,
					E74FB2AE953C4B7F19F17360, ); name = "Juce Modules"; sourceTree = "<group>"; };
		8A7F5FE0CE177148FCDAED3C = {isa = PBXGroup; children = (
					BB3D58FDF2D817776CE58B99,
					FE2AD97F03F339F27E32A12D,
					268002476783FE4870678DF8,
					4C2B033D0DAAA6309E330DE7,
					EF57F8D59B0C326941BD663E,
					3D8BA8E1900EE05677B2CC13,
					0D6AC4CD1AB952DA99E28B23,
					CD053589A2351711B21EACAE,
					298E0983DA02576FB93C0A89, ); name = "Juce Library Code"; sourceTree = "<group>"; };
		91D3E1ED383F8C8DE8CEE220 = {isa = PBXGroup; children = (
					243FA0B57C56989919E43EF7,
					81D682238B383EB3D7010236, ); name = Resources; sourceTree = "<group>"; };
		F52C15B3C4E93E9FE736BCD9 = {isa = PBXGroup; children = (
					EEA5E18A0CAB4FA3C57C4951,
					64CDB83B7CD434FF78AD3B16,
					793D45A4A9D717F9F0133903,
					B5DCAF01E0490D7413E9E85F, ); name = Frameworks; sourceTree = "<group>"; };
		3227693E509670763A902693 = {isa = PBXGroup; children = (
					6A875CD85DD44645993BEF8A, ); name = Products; sourceTree = "<group>"; };
		EAE3484DB3DCF2C91BC0EF4C = {isa = PBXGroup; children = (
					724F7C53A0798F4669298BFC,
					4CEF3418D19A685126462301,
					8A7F5FE0CE177148FCDAED3C,
					91D3E1ED383F8C8DE8CEE220,
					F52C15B3C4E93E9FE736BCD9,
					3227693E509670763A902693, ); name = Source; sourceTree = "<group>"; };
		635F10322A3786ADEF6D97AE = {isa = XCBuildConfiguration; buildSettings = {
				CLANG_CXX_LANGUAGE_STANDARD = "c++11";
				CLANG_LINK_OBJC_RUNTIME = NO;
				COMBINE_HIDPI_IMAGES = YES;
				CONFIGURATION_BUILD_DIR = ../../build;
				COPY_PHASE_STRIP = NO;
				GCC_DYNAMIC_NO_PIC = NO;
				GCC_OPTIMIZATION_LEVEL = 0;
				GCC_PREPROCESSOR_DEFINITIONS = (
					"_DEBUG=1",
					"DEBUG=1",
					"JUCER_XCODE_MAC_F6D2F4CF=1",
					"JUCE_APP_VERSION=0.0.1",
					"JUCE_APP_VERSION_HEX=0x1",
					"JucePlugin_Build_VST=0",
					"JucePlugin_Build_VST3=0",
					"JucePlugin_Build_AU=0",
					"JucePlugin_Build_AUv3=0",
					"JucePlugin_Build_RTAS=0",
					"JucePlugin_Build_AAX=0",
					"JucePlugin_Build_Standalone=0", );
				GCC_VERSION = com.apple.compilers.llvm.clang.1_0;
				HEADER_SEARCH_PATHS = ("../../JuceLibraryCode", "../../deps/JUCE/modules", "/home/anthony/Workspace/C++/PocketCHIP-pocket-home/Source/Wifi", "/home/anthony/Workspace/C++/PocketCHIP-pocket-home/Source/Components", "/home/anthony/Workspace/C++/PocketCHIP-pocket-home/Source/Components/Pages", "/home/anthony/Workspace/C++/PocketCHIP-pocket-home/Source/Components/Basic", "$(inherited)");
				INFOPLIST_FILE = Info-App.plist;
				INFOPLIST_PREPROCESS = NO;
				INSTALL_PATH = "$(HOME)/Applications";
				MACOSX_DEPLOYMENT_TARGET = 10.10;
				MACOSX_DEPLOYMENT_TARGET_ppc = 10.4;
				PRODUCT_BUNDLE_IDENTIFIER = co.nextthing.PokeLaunch;
				SDKROOT_ppc = macosx10.5;
				USE_HEADERMAP = NO; }; name = Debug; };
		C0448FECE564C0B85D724E32 = {isa = XCBuildConfiguration; buildSettings = {
				CLANG_CXX_LANGUAGE_STANDARD = "c++11";
				CLANG_LINK_OBJC_RUNTIME = NO;
				COMBINE_HIDPI_IMAGES = YES;
				CONFIGURATION_BUILD_DIR = ../../build;
				DEAD_CODE_STRIPPING = YES;
				GCC_GENERATE_DEBUGGING_SYMBOLS = NO;
				GCC_OPTIMIZATION_LEVEL = 3;
				GCC_PREPROCESSOR_DEFINITIONS = (
					"_NDEBUG=1",
					"NDEBUG=1",
					"JUCER_XCODE_MAC_F6D2F4CF=1",
					"JUCE_APP_VERSION=0.0.1",
					"JUCE_APP_VERSION_HEX=0x1",
					"JucePlugin_Build_VST=0",
					"JucePlugin_Build_VST3=0",
					"JucePlugin_Build_AU=0",
					"JucePlugin_Build_AUv3=0",
					"JucePlugin_Build_RTAS=0",
					"JucePlugin_Build_AAX=0",
					"JucePlugin_Build_Standalone=0", );
				GCC_SYMBOLS_PRIVATE_EXTERN = YES;
				GCC_VERSION = com.apple.compilers.llvm.clang.1_0;
				HEADER_SEARCH_PATHS = ("../../JuceLibraryCode", "../../deps/JUCE/modules", "/home/anthony/Workspace/C++/PocketCHIP-pocket-home/Source/Wifi", "/home/anthony/Workspace/C++/PocketCHIP-pocket-home/Source/Components", "/home/anthony/Workspace/C++/PocketCHIP-pocket-home/Source/Components/Pages", "/home/anthony/Workspace/C++/PocketCHIP-pocket-home/Source/Components/Basic", "$(inherited)");
				INFOPLIST_FILE = Info-App.plist;
				INFOPLIST_PREPROCESS = NO;
				INSTALL_PATH = "$(HOME)/Applications";
				MACOSX_DEPLOYMENT_TARGET = 10.10;
				MACOSX_DEPLOYMENT_TARGET_ppc = 10.4;
				PRODUCT_BUNDLE_IDENTIFIER = co.nextthing.PokeLaunch;
				SDKROOT_ppc = macosx10.5;
				USE_HEADERMAP = NO; }; name = Release; };
		68293511F6719BBEC02B56DE = {isa = XCBuildConfiguration; buildSettings = {
				ALWAYS_SEARCH_USER_PATHS = NO;
				CLANG_WARN_BLOCK_CAPTURE_AUTORELEASING = YES;
				CLANG_WARN_BOOL_CONVERSION = YES;
				CLANG_WARN_COMMA = YES;
				CLANG_WARN_CONSTANT_CONVERSION = YES;
				CLANG_WARN_EMPTY_BODY = YES;
				CLANG_WARN_ENUM_CONVERSION = YES;
				CLANG_WARN_INFINITE_RECURSION = YES;
				CLANG_WARN_INT_CONVERSION = YES;
				CLANG_WARN_NON_LITERAL_NULL_CONVERSION = YES;
				CLANG_WARN_OBJC_LITERAL_CONVERSION = YES;
				CLANG_WARN_RANGE_LOOP_ANALYSIS = YES;
				CLANG_WARN_STRICT_PROTOTYPES = YES;
				CLANG_WARN_SUSPICIOUS_MOVE = YES;
				CLANG_WARN_UNREACHABLE_CODE = YES;
				CLANG_WARN__DUPLICATE_METHOD_MATCH = YES;
				DEBUG_INFORMATION_FORMAT = "dwarf";
				ENABLE_STRICT_OBJC_MSGSEND = YES;
				ENABLE_TESTABILITY = YES;
				GCC_C_LANGUAGE_STANDARD = c11;
				GCC_INLINES_ARE_PRIVATE_EXTERN = YES;
				GCC_MODEL_TUNING = G5;
				GCC_NO_COMMON_BLOCKS = YES;
				GCC_WARN_64_TO_32_BIT_CONVERSION = YES;
				GCC_WARN_ABOUT_RETURN_TYPE = YES;
				GCC_WARN_CHECK_SWITCH_STATEMENTS = YES;
				GCC_WARN_MISSING_PARENTHESES = YES;
				GCC_WARN_NON_VIRTUAL_DESTRUCTOR = YES;
				GCC_WARN_TYPECHECK_CALLS_TO_PRINTF = YES;
				GCC_WARN_UNDECLARED_SELECTOR = YES;
				GCC_WARN_UNINITIALIZED_AUTOS = YES;
				GCC_WARN_UNUSED_FUNCTION = YES;
				GCC_WARN_UNUSED_VARIABLE = YES;
				ONLY_ACTIVE_ARCH = YES;
				PRODUCT_NAME = "pocket-home";
				WARNING_CFLAGS = -Wreorder;
				ZERO_LINK = NO; }; name = Debug; };
		FFFF0001D5941114205CB487 = {isa = XCBuildConfiguration; buildSettings = {
				ALWAYS_SEARCH_USER_PATHS = NO;
				CLANG_WARN_BLOCK_CAPTURE_AUTORELEASING = YES;
				CLANG_WARN_BOOL_CONVERSION = YES;
				CLANG_WARN_COMMA = YES;
				CLANG_WARN_CONSTANT_CONVERSION = YES;
				CLANG_WARN_EMPTY_BODY = YES;
				CLANG_WARN_ENUM_CONVERSION = YES;
				CLANG_WARN_INFINITE_RECURSION = YES;
				CLANG_WARN_INT_CONVERSION = YES;
				CLANG_WARN_NON_LITERAL_NULL_CONVERSION = YES;
				CLANG_WARN_OBJC_LITERAL_CONVERSION = YES;
				CLANG_WARN_RANGE_LOOP_ANALYSIS = YES;
				CLANG_WARN_STRICT_PROTOTYPES = YES;
				CLANG_WARN_SUSPICIOUS_MOVE = YES;
				CLANG_WARN_UNREACHABLE_CODE = YES;
				CLANG_WARN__DUPLICATE_METHOD_MATCH = YES;
				DEBUG_INFORMATION_FORMAT = "dwarf";
				ENABLE_STRICT_OBJC_MSGSEND = YES;
				GCC_C_LANGUAGE_STANDARD = c11;
				GCC_INLINES_ARE_PRIVATE_EXTERN = YES;
				GCC_MODEL_TUNING = G5;
				GCC_NO_COMMON_BLOCKS = YES;
				GCC_WARN_64_TO_32_BIT_CONVERSION = YES;
				GCC_WARN_ABOUT_RETURN_TYPE = YES;
				GCC_WARN_CHECK_SWITCH_STATEMENTS = YES;
				GCC_WARN_MISSING_PARENTHESES = YES;
				GCC_WARN_NON_VIRTUAL_DESTRUCTOR = YES;
				GCC_WARN_TYPECHECK_CALLS_TO_PRINTF = YES;
				GCC_WARN_UNDECLARED_SELECTOR = YES;
				GCC_WARN_UNINITIALIZED_AUTOS = YES;
				GCC_WARN_UNUSED_FUNCTION = YES;
				GCC_WARN_UNUSED_VARIABLE = YES;
				PRODUCT_NAME = "pocket-home";
				WARNING_CFLAGS = -Wreorder;
				ZERO_LINK = NO; }; name = Release; };
		0811352FFD368EE4D264EB19 = {isa = PBXTargetDependency; target = 385B54442CDC33E967702EC3; };
		71A074F23EC82ADE69B8D947 = {isa = XCConfigurationList; buildConfigurations = (
					68293511F6719BBEC02B56DE,
					FFFF0001D5941114205CB487, ); defaultConfigurationIsVisible = 0; defaultConfigurationName = Debug; };
		3DFF0F63AEA005495E51372E = {isa = XCConfigurationList; buildConfigurations = (
					635F10322A3786ADEF6D97AE,
					C0448FECE564C0B85D724E32, ); defaultConfigurationIsVisible = 0; defaultConfigurationName = Debug; };
		E516430E69AFE7FF222054F4 = {isa = PBXResourcesBuildPhase; buildActionMask = 2147483647; files = (
					B60DD03FE5B471BE4AFBF56B, ); runOnlyForDeploymentPostprocessing = 0; };
		467462E1976B8F50EA1165E3 = {isa = PBXSourcesBuildPhase; buildActionMask = 2147483647; files = (
					69CB2357ACB7362893D95012,
					6D4F4158F2C91DB092D15A4E,
					E151EAA3C1E3D229E532EBC9,
					9A01A0B3D022C063BF8FD174,
					492C7A14D06051F2658A4EAC,
					C8BA5DA9960ADC3B701450CE,
					0719C5B672527579EBDF9E03,
					EC6497B5B35425D52A31E5C0,
					51F3070CA8212EB1AAED4111,
					2F3E33CC64063B4FEB2BE791,
					7B0D8ED0A8B9CEC97E3A9ECA,
					180B26779E5C236FA3468248,
					7F697884452DE1C9E5DFC8EC,
					06AFAE76CF4CEE798E4320F4,
					3394F245DAD91D720F33E28B,
					D245DAFE65CD853AF9E8D28F,
					736A78D369A8942B0D85EFDF,
					FBF7BAA42207EDEA54613F6B,
					B79BED7125513E7A8168E3E3,
					EF183563B87926555BE2B396,
					9F69F2206B36AF9FAFC8F121,
					2466BE3EB8752CEA593A624E,
					AAF4F05E884E3F23F6EABFB3,
					ACF7DEAB6F461996CDE18E67,
					BF01A550061D2798C4CA514D,
					FF220C4091A1DD9196CDAC82,
					34F4ED45DE5DD74AD2093689,
					C0118A3C4E6E3EE8033497C4,
					F9D7EB995020BE7207E30110,
					79DBAA4941554E58B6978435,
					F23126F3BD6BAF19E18AA5AE,
					D8396FFA204979DD8D3FD657,
					876CD721D4DE614DAB7AF7EF,
					F3BD01E8B7DDAE942CAF6612,
					1F4AD938788C2C305A25D230,
					F64DEA2D8C5CCF23A79B7462,
					FB61B5D8BD56502B3F710F99,
					306B1A12D669B20E720BB38E,
					79D08123397EB7193AD84374,
					C6E9B15140A2E1B45ACCBEF5,
					C05ED6CFEAE6927FBFFFB07E, ); runOnlyForDeploymentPostprocessing = 0; };
		2F73E51CD00B10C6EBEDE229 = {isa = PBXFrameworksBuildPhase; buildActionMask = 2147483647; files = (
					1886937E6441DCFDD76A737E,
					EBAA8A562D391B5A05C9CA17,
					7FF75E28BA5CA892192A3B8F,
					B97B8F50999FAC525F837AEC, ); runOnlyForDeploymentPostprocessing = 0; };
		385B54442CDC33E967702EC3 = {isa = PBXNativeTarget; buildConfigurationList = 3DFF0F63AEA005495E51372E; buildPhases = (
					E516430E69AFE7FF222054F4,
					467462E1976B8F50EA1165E3,
					2F73E51CD00B10C6EBEDE229, ); buildRules = ( ); dependencies = (  ); name = "pocket-home - App"; productName = "pocket-home"; productReference = 6A875CD85DD44645993BEF8A; productType = "com.apple.product-type.application"; };
		5295717091895F279C8918D0 = {isa = PBXProject; buildConfigurationList = 71A074F23EC82ADE69B8D947; attributes = { LastUpgradeCheck = 0830; TargetAttributes = { 385B54442CDC33E967702EC3 = { SystemCapabilities = {com.apple.ApplicationGroups.iOS = { enabled = 0; }; com.apple.InAppPurchase = { enabled = 0; }; com.apple.InterAppAudio = { enabled = 0; }; com.apple.Push = { enabled = 0; }; com.apple.Sandbox = { enabled = 0; }; }; }; }; }; compatibilityVersion = "Xcode 3.2"; hasScannedForEncodings = 0; mainGroup = EAE3484DB3DCF2C91BC0EF4C; projectDirPath = ""; projectRoot = ""; targets = (385B54442CDC33E967702EC3); };
	};
	rootObject = 5295717091895F279C8918D0;
}
