// !$*UTF8*$!
{
	archiveVersion = 1;
	classes = {
	};
	objectVersion = 46;
	objects = {

		378D7C150BB336AC08951CD3 = {isa = PBXBuildFile; fileRef = 6A875CD85DD44645993BEF8A; };
		1886937E6441DCFDD76A737E = {isa = PBXBuildFile; fileRef = EEA5E18A0CAB4FA3C57C4951; };
		EBAA8A562D391B5A05C9CA17 = {isa = PBXBuildFile; fileRef = 64CDB83B7CD434FF78AD3B16; };
		7FF75E28BA5CA892192A3B8F = {isa = PBXBuildFile; fileRef = 793D45A4A9D717F9F0133903; };
		B97B8F50999FAC525F837AEC = {isa = PBXBuildFile; fileRef = B5DCAF01E0490D7413E9E85F; };
		B60DD03FE5B471BE4AFBF56B = {isa = PBXBuildFile; fileRef = 81D682238B383EB3D7010236; };
		3C341B96D4C11B4115DF4840 = {isa = PBXBuildFile; fileRef = 9A31713BEC517A71B37737E6; };
		E72DAE41E236FF34D66C029A = {isa = PBXBuildFile; fileRef = 094DE65A02C39F15A43C7F1A; };
		93CA951D185E004D0F76A141 = {isa = PBXBuildFile; fileRef = AF9FAF5B2650B30ED5626FEB; };
		72BB3670FEA222188D0123BB = {isa = PBXBuildFile; fileRef = B5CFC39A1D2614EA21B8500D; };
		BCE59FA4BEDBDA1C4099F77D = {isa = PBXBuildFile; fileRef = 8A5575DEE1EE90479556C79A; };
		FE4E26B71FD96D461091A63E = {isa = PBXBuildFile; fileRef = AC1C3B5E6DE4CEF8FE259DA5; };
		B7AF5A735E8C649AB188629F = {isa = PBXBuildFile; fileRef = 3B2D54137C44BEEF047456E3; };
		36EF6F1D9BA008DFC2AB922D = {isa = PBXBuildFile; fileRef = D59BB36F63A298B3BAC2A2A6; };
		14A654AEE2D7EB794BA504F8 = {isa = PBXBuildFile; fileRef = F38B3B9D4952E5831DEFF7BE; };
		F2B0F4B59BD89489DAAFEA96 = {isa = PBXBuildFile; fileRef = E0D0FB1F85D1B47414494937; };
		CFA69E6F9E21D2B130786172 = {isa = PBXBuildFile; fileRef = 87EAB58FD64F62ABB3028472; };
		5E011D1BE06EA8093EC27BF4 = {isa = PBXBuildFile; fileRef = 9B4275CC55034D8F09F08B16; };
		7CBFEB21C11DE67B562181C3 = {isa = PBXBuildFile; fileRef = FCE789CF086443EA3D67D87A; };
		033FB0C0B2493F12724DF17A = {isa = PBXBuildFile; fileRef = 6CC42B977B1D15C7E859694B; };
		6DFD83889AE4CFB2C72C3E99 = {isa = PBXBuildFile; fileRef = B9A1635A6BAA7C299138DEC3; };
		EBEE39F8E2AD7B51FCA70A8C = {isa = PBXBuildFile; fileRef = 890FCC4B9B1D629087A8E764; };
		AC92A0480BE8451D6278220C = {isa = PBXBuildFile; fileRef = 981E053B45C0EA999DEBAC94; };
		9AE402C45D5DEE1DC2F7FCBE = {isa = PBXBuildFile; fileRef = 48A28AD8DCB2D133CDC9D639; };
		3394F245DAD91D720F33E28B = {isa = PBXBuildFile; fileRef = F4952FBC07881B0BFC4F5990; };
		1433D20519311360E444E01C = {isa = PBXBuildFile; fileRef = E16A82F1FB9A31916DEEBA9E; };
		3F7F5DB2EE9B8B737AD80DBF = {isa = PBXBuildFile; fileRef = 7F5A3D221DA1F0E438E56057; };
		A1FA19CC716DE0DC0E4E7307 = {isa = PBXBuildFile; fileRef = 0426EA016292DCDC1E11ACE7; };
		E3440AF2953214E4D8F1F8FF = {isa = PBXBuildFile; fileRef = 66437E769AE6FADAE19C2E2F; };
		3B741AB945D1D4617857FFB0 = {isa = PBXBuildFile; fileRef = 17AB6C1399ED873A9FACEA96; };
		CAF6F2836DFC06DF7D971E4B = {isa = PBXBuildFile; fileRef = 9F9204F6A483ABAB95700CCE; };
		072D02007F9809F718A0F57C = {isa = PBXBuildFile; fileRef = 1CC9DDA62B928C623D1C2EE2; };
		DA5C73BE1D24D56A73DB97E3 = {isa = PBXBuildFile; fileRef = B6EC3B4CE1ECD55CDDC6CBB8; };
		310316FE61213C7B404A3B9E = {isa = PBXBuildFile; fileRef = 9CC3777BF6C5C56A176C4974; };
		D82E4144D722698B1BFB6D1B = {isa = PBXBuildFile; fileRef = D4641C0661C60CC592DDC2AA; };
		B371CCA09DFDA9950C2DC5D7 = {isa = PBXBuildFile; fileRef = D521F50FCD0434FD55560B5A; };
		95D45D204232A88521262DA6 = {isa = PBXBuildFile; fileRef = 159F7A356414F09C404E271F; };
		B1D295DD96801348CC5F9CA2 = {isa = PBXBuildFile; fileRef = 8E1E710ECEEBEF009ABF477C; };
		3FE9444F4E4FAB72376CE616 = {isa = PBXBuildFile; fileRef = 1038A7DDDE2F7A6771152C77; };
		F6DE0FB42CFF4B6CCB8110EA = {isa = PBXBuildFile; fileRef = 6290E082A822E3C728AB4B0B; };
		7846A60543AEB22095AAF226 = {isa = PBXBuildFile; fileRef = 0C507CE1846AC662B91CB6E8; };
		7399F8AA1F81C00D60A188A7 = {isa = PBXBuildFile; fileRef = 71D9E2052FB7F3B71773C017; };
		BE4C75104868F1AE03FBB5C5 = {isa = PBXBuildFile; fileRef = 8269D6C9E7CC0211F5E06EF6; };
		9FE79D492DD18C8B0267CFAD = {isa = PBXBuildFile; fileRef = E2D647542D2E34C2F965A198; };
		1C0D54E7F54264FF1CFDF172 = {isa = PBXBuildFile; fileRef = EE0860C56D0E35295F0CD347; };
		D458C12654ADBE63EDDC2230 = {isa = PBXBuildFile; fileRef = E1438BEB74EC4304AF0F374D; };
		E5245BE8C133079CAAA45A63 = {isa = PBXBuildFile; fileRef = 94A20F14CE3CA585AFAFE915; };
		5123B7C50FF45053C0AEDC25 = {isa = PBXBuildFile; fileRef = BB88AEE494C74F681E8BC6C3; };
		16D0F448CA3E7612210C6E95 = {isa = PBXBuildFile; fileRef = F43F5412E5FD1BFB87CA87E6; };
		93A9E75693FE66923C678116 = {isa = PBXBuildFile; fileRef = 897980146157FFFC8BCDC121; };
		3102053A2DDCA9E11B72D17E = {isa = PBXBuildFile; fileRef = BE9381A7423993D51DA1FBDA; };
		AD960E95776D57A5E49CA214 = {isa = PBXBuildFile; fileRef = 7C3E4C869E99FADE0993F217; };
		F4D8CFA463F743A42A86F8D1 = {isa = PBXBuildFile; fileRef = 2EF91E7A9E2B5655A260AF0B; };
		D612855DF274D0CA5F2648F6 = {isa = PBXBuildFile; fileRef = 37F2E4C31D4DCC45CD05E0F4; };
		77927985D8AEAC820C077D68 = {isa = PBXBuildFile; fileRef = BE1714D68A7F5872612D9985; };
		30DC97BFB1DADC54F16F857E = {isa = PBXBuildFile; fileRef = CCB05640E882085945DE52FC; };
		588CD4B3A5890E60E321EA2C = {isa = PBXBuildFile; fileRef = 2B672416585515F67A785F57; };
		01A1E8266076425BFFBC4AA4 = {isa = PBXBuildFile; fileRef = A1B36B0F55CDE29CF30CA280; };
		4B6E9AE3A0A1D8079A6FE97A = {isa = PBXBuildFile; fileRef = B10E9250465990614A3E0B71; };
		9CE0D8EDF90274B66789B5B4 = {isa = PBXBuildFile; fileRef = C4B7F2605DDC614A6295BC76; };
		A62BBA197B5C6AF9E457A28E = {isa = PBXBuildFile; fileRef = 45D42417D3D0CEAC8E93F20B; };
		6B5F5D25EAAE53CB971A05B4 = {isa = PBXBuildFile; fileRef = B281180296E2F68C0D1C81FE; };
		720B5981C48C2EE300F2002D = {isa = PBXBuildFile; fileRef = E7D0A3633C3BAD15D88AF8EF; };
		AAF92988679552ADC9208BB0 = {isa = PBXBuildFile; fileRef = F452132CA9D3D080E83AD424; };
		BB9AF355B935270E51B88027 = {isa = PBXBuildFile; fileRef = AB0E482DAE9BEB8A259F2C17; };
		21CC56064706FF6C4B0F48A1 = {isa = PBXBuildFile; fileRef = 5A984E825881A6C4DC98B605; };
		571FF6F91FF71747C2081CFA = {isa = PBXBuildFile; fileRef = D25904B3F92D44E58B04C268; };
		539D82E28A39216D82F6C337 = {isa = PBXBuildFile; fileRef = 65FFD0896B1D0EEFB2A5024F; };
		88EF320222F63EBCCC3A344A = {isa = PBXBuildFile; fileRef = A12883C88EDA0F7068A4A4FE; };
		6E9AA20D280B6D33B5EDD0AD = {isa = PBXBuildFile; fileRef = F3B41E0F996958EA3F61CCD3; };
		31A4EC54AC9A2923AAD29698 = {isa = PBXBuildFile; fileRef = D2E6D861C600DCFFB2AAE9A1; };
		3F9D080180D720002C8887B6 = {isa = PBXBuildFile; fileRef = AC61110E42BA7191BE529001; };
		57D31E001DE2E70D8114AF89 = {isa = PBXBuildFile; fileRef = D8DEF28E7800C921E6C71479; };
		757D2B35242922F89358ACC7 = {isa = PBXBuildFile; fileRef = E06FCE4B68E53D63EEE9F3CC; };
		FF5E0BF4427F9D4BDBCB963E = {isa = PBXBuildFile; fileRef = 462DED55618D22F9993189CA; };
		D587F5CBC33CD0DB4840E35F = {isa = PBXBuildFile; fileRef = C1D33117DF650FD4889D2C6F; };
		92DD77698B97EA7A842D3432 = {isa = PBXBuildFile; fileRef = FBB8317B019C4A10DD12AE7A; };
		3D9D9AD4341FD53B830D9595 = {isa = PBXBuildFile; fileRef = DA4E58E9574DC56015EEA841; };
		A6594F37ED9F997FD3CE8E49 = {isa = PBXBuildFile; fileRef = BE655347BAD4E44ECC084EA8; };
		B77B9AE632463AF46B22C780 = {isa = PBXBuildFile; fileRef = 34EE50B8A88E258EB034ABF6; };
		66E74525987429DC01FE8456 = {isa = PBXBuildFile; fileRef = 37310C7442FBD234B08165F9; };
		117A06A573A6F29F786F8203 = {isa = PBXBuildFile; fileRef = 6419A817F1F0AA5F8537161E; };
		F426C19EB47A17A68C6251DD = {isa = PBXBuildFile; fileRef = 4794C5E96614B9F6C77FF900; };
		69A5DFEF7336D04755559783 = {isa = PBXBuildFile; fileRef = 89234BC727CA2C744ADB0F0D; };
		A97769183C256B670C9119AB = {isa = PBXBuildFile; fileRef = B3576DEEE01E52FB3C5C8398; };
		5BA82AC8089C455D75340590 = {isa = PBXBuildFile; fileRef = 1C81254A1679A7E194399A32; };
		8CB23900821DFA880BF1484F = {isa = PBXBuildFile; fileRef = 63F235E0AED98F95153223EA; };
		E929002590C85FB73D5DB61D = {isa = PBXBuildFile; fileRef = 32E135486EC1BF2307CFBA1A; };
		9554CD7AC4626F460BDCA747 = {isa = PBXBuildFile; fileRef = 43618EC1AF9B84CDF65343BF; };
		F5EE6C7360F2005BCF752980 = {isa = PBXBuildFile; fileRef = F2F496FAF9C420819210AB79; };
		BD55C47948A56B7E8CAF3D7C = {isa = PBXBuildFile; fileRef = 3128ADAE4017945526723CF2; };
		0C981A3DB6BDBDFAC9E696A6 = {isa = PBXBuildFile; fileRef = D0D6C84698A73DBD8D8BF6C4; };
		B348CBF81B271A6CD2086679 = {isa = PBXBuildFile; fileRef = B6F8190575C8F212449D8A4D; };
		49964672DD2CA58C773C9511 = {isa = PBXBuildFile; fileRef = 60855E54EB5FD1F66FEF69F1; };
		A631DF9627AE3408C76B6A09 = {isa = PBXBuildFile; fileRef = 899727573DDE36107D3F7784; };
		9F581359A97CE01C560BD18F = {isa = PBXBuildFile; fileRef = 5F465EF5D7C4E41ED0240D5D; };
		C40609296853661FA8474AF7 = {isa = PBXBuildFile; fileRef = 55FB232EDA1450C232B65FFE; };
		F0E77AC31120CDDC5B9A110D = {isa = PBXBuildFile; fileRef = 9430064C1E372F7949061BB6; };
		FB42D550D6134B5788239E93 = {isa = PBXBuildFile; fileRef = D1232B45052DF74E9F94FBEF; };
		7593A587F1D039E505260F05 = {isa = PBXBuildFile; fileRef = DD2505E3F0EAFCF94A273BDB; };
		F910AB3C84E1379A3AE54F5A = {isa = PBXBuildFile; fileRef = 8D7304E1AC0835929285679A; };
		9D51B278A30698DF3EA19B7E = {isa = PBXBuildFile; fileRef = 36D43AF5E05B42C8B5F85DC8; };
		0432DAFA4564AC8C76C5D3CA = {isa = PBXBuildFile; fileRef = 6519D4800DAC6619BC560289; };
		A8D2D4BBDB554A0C823D9483 = {isa = PBXBuildFile; fileRef = F758B2C099DA5225FC9BB454; };
		E3F1D0910870ABED557C303A = {isa = PBXBuildFile; fileRef = DEEB7CA214AC81F3883BE35C; };
		D40938493DBD419F5D2892CB = {isa = PBXBuildFile; fileRef = 209C74FC6664A1A2358F7FE1; };
		3111794276DA9CB54CDF48EF = {isa = PBXBuildFile; fileRef = 201B4889632122AEF45DBFF2; };
		95876C2594113B087F70CB23 = {isa = PBXBuildFile; fileRef = 6CFDA6AF69461AA135CB51A1; };
		B5A3CE3BE1E8B2E9760145C0 = {isa = PBXBuildFile; fileRef = E5826A983B027063134745EB; };
		E6B2ECFD5DC1998A02259616 = {isa = PBXBuildFile; fileRef = A97398521CC28C5AF53B2F4D; };
		1F4AD938788C2C305A25D230 = {isa = PBXBuildFile; fileRef = 00F169F4F344BBF6892637D1; };
		FD27B591DCB838F9D3453720 = {isa = PBXBuildFile; fileRef = 2E2C7D43326A4B3E097172C2; };
		F64DEA2D8C5CCF23A79B7462 = {isa = PBXBuildFile; fileRef = FE2AD97F03F339F27E32A12D; };
		FB61B5D8BD56502B3F710F99 = {isa = PBXBuildFile; fileRef = 4C2B033D0DAAA6309E330DE7; };
		306B1A12D669B20E720BB38E = {isa = PBXBuildFile; fileRef = EF57F8D59B0C326941BD663E; };
		79D08123397EB7193AD84374 = {isa = PBXBuildFile; fileRef = 3D8BA8E1900EE05677B2CC13; };
		C6E9B15140A2E1B45ACCBEF5 = {isa = PBXBuildFile; fileRef = 0D6AC4CD1AB952DA99E28B23; };
		C05ED6CFEAE6927FBFFFB07E = {isa = PBXBuildFile; fileRef = CD053589A2351711B21EACAE; };
		00F169F4F344BBF6892637D1 = {isa = PBXFileReference; lastKnownFileType = sourcecode.cpp.cpp; name = Main.cpp; path = ../../Source/Main.cpp; sourceTree = "SOURCE_ROOT"; };
		0307E00AE2BF0E6B52A232A6 = {isa = PBXFileReference; lastKnownFileType = sourcecode.c.h; name = BluetoothSettingsComponent.h; path = "../../Source/Components/Pages/Settings Page/BluetoothSettingsComponent.h"; sourceTree = "SOURCE_ROOT"; };
		03B199F254A33BC958ADCCB3 = {isa = PBXFileReference; lastKnownFileType = sourcecode.c.h; name = WifiAccessPoint.h; path = ../../Source/Hardware/Wifi/WifiAccessPoint.h; sourceTree = "SOURCE_ROOT"; };
		03D6C04565CB9E3587DE89FF = {isa = PBXFileReference; lastKnownFileType = sourcecode.c.h; name = LibNMHandler.h; path = ../../Source/Hardware/Wifi/LibNMHandler.h; sourceTree = "SOURCE_ROOT"; };
		0426EA016292DCDC1E11ACE7 = {isa = PBXFileReference; lastKnownFileType = sourcecode.cpp.cpp; name = AppMenuComponent.cpp; path = "../../Source/Components/Pages/Home Page/AppMenu/AppMenuComponent.cpp"; sourceTree = "SOURCE_ROOT"; };
		046C580CAE38B6EA5D85FF85 = {isa = PBXFileReference; lastKnownFileType = sourcecode.c.h; name = SwitchComponent.h; path = ../../Source/Components/Widgets/SwitchComponent.h; sourceTree = "SOURCE_ROOT"; };
		094DE65A02C39F15A43C7F1A = {isa = PBXFileReference; lastKnownFileType = sourcecode.cpp.cpp; name = NMPPActiveConnection.cpp; path = ../../Source/GLib/LibNM/NMPPActiveConnection.cpp; sourceTree = "SOURCE_ROOT"; };
		0AB983278C42608D47FDF4CF = {isa = PBXFileReference; lastKnownFileType = sourcecode.c.h; name = BluetoothSettingsPage.h; path = "../../Source/Components/Pages/Settings Page/BluetoothSettingsPage.h"; sourceTree = "SOURCE_ROOT"; };
		0ABE7BEDB69639F8DF05520A = {isa = PBXFileReference; lastKnownFileType = file; name = "juce_data_structures"; path = "../../deps/JUCE/modules/juce_data_structures"; sourceTree = "SOURCE_ROOT"; };
		0C507CE1846AC662B91CB6E8 = {isa = PBXFileReference; lastKnownFileType = sourcecode.cpp.cpp; name = NewFolderEditor.cpp; path = "../../Source/Components/Pages/Home Page/AppMenu/Menu Editors/NewFolderEditor.cpp"; sourceTree = "SOURCE_ROOT"; };
		0D6AC4CD1AB952DA99E28B23 = {isa = PBXFileReference; lastKnownFileType = sourcecode.cpp.objcpp; name = "include_juce_graphics.mm"; path = "../../JuceLibraryCode/include_juce_graphics.mm"; sourceTree = "SOURCE_ROOT"; };
		1038A7DDDE2F7A6771152C77 = {isa = PBXFileReference; lastKnownFileType = sourcecode.cpp.cpp; name = ScrollingAppFolder.cpp; path = "../../Source/Components/Pages/Home Page/AppMenu/Menu Folders/ScrollingAppFolder.cpp"; sourceTree = "SOURCE_ROOT"; };
		12200287DFF15C57B66D7558 = {isa = PBXFileReference; lastKnownFileType = sourcecode.c.h; name = AppConfigFile.h; path = "../../Source/Shared Resources/Config Files/AppConfigFile.h"; sourceTree = "SOURCE_ROOT"; };
		1284931310C6E8F348865112 = {isa = PBXFileReference; lastKnownFileType = sourcecode.c.h; name = ColourPage.h; path = "../../Source/Components/Pages/UI Page/ColourPage.h"; sourceTree = "SOURCE_ROOT"; };
		159F7A356414F09C404E271F = {isa = PBXFileReference; lastKnownFileType = sourcecode.cpp.cpp; name = FolderMenuItem.cpp; path = "../../Source/Components/Pages/Home Page/AppMenu/Menu Items/FolderMenuItem.cpp"; sourceTree = "SOURCE_ROOT"; };
		167B931A61D60EC3DFE06778 = {isa = PBXFileReference; lastKnownFileType = sourcecode.c.h; name = PagedAppMenu.h; path = "../../Source/Components/Pages/Home Page/AppMenu/Menu Types/PagedAppMenu.h"; sourceTree = "SOURCE_ROOT"; };
		170916E09422D64072DF440A = {isa = PBXFileReference; lastKnownFileType = sourcecode.c.h; name = ColourPicker.h; path = ../../Source/Components/Widgets/ColourPicker.h; sourceTree = "SOURCE_ROOT"; };
		1748C1E55244590122D8CC5A = {isa = PBXFileReference; lastKnownFileType = sourcecode.c.h; name = WifiSettingsComponent.h; path = "../../Source/Components/Pages/Settings Page/WifiSettingsComponent.h"; sourceTree = "SOURCE_ROOT"; };
		17AB6C1399ED873A9FACEA96 = {isa = PBXFileReference; lastKnownFileType = sourcecode.cpp.cpp; name = AppMenuButton.cpp; path = "../../Source/Components/Pages/Home Page/AppMenu/AppMenuButton.cpp"; sourceTree = "SOURCE_ROOT"; };
		1C81254A1679A7E194399A32 = {isa = PBXFileReference; lastKnownFileType = sourcecode.cpp.cpp; name = Spinner.cpp; path = ../../Source/Components/Widgets/Spinner.cpp; sourceTree = "SOURCE_ROOT"; };
		1CC9DDA62B928C623D1C2EE2 = {isa = PBXFileReference; lastKnownFileType = sourcecode.cpp.cpp; name = ScrollingAppMenu.cpp; path = "../../Source/Components/Pages/Home Page/AppMenu/Menu Types/ScrollingAppMenu.cpp"; sourceTree = "SOURCE_ROOT"; };
		1D245B6E8B1AEAA57F3E55ED = {isa = PBXFileReference; lastKnownFileType = sourcecode.c.h; name = AdvancedSettingsPage.h; path = "../../Source/Components/Pages/Advanced Settings Page/AdvancedSettingsPage.h"; sourceTree = "SOURCE_ROOT"; };
		1E9E217DFCDE71E1995501E0 = {isa = PBXFileReference; lastKnownFileType = sourcecode.c.h; name = NewDesktopAppEditor.h; path = "../../Source/Components/Pages/Home Page/AppMenu/Menu Editors/NewDesktopAppEditor.h"; sourceTree = "SOURCE_ROOT"; };
		1F10F22B68853898866A4490 = {isa = PBXFileReference; lastKnownFileType = sourcecode.c.h; name = PageAppFolder.h; path = "../../Source/Components/Pages/Home Page/AppMenu/Menu Folders/PageAppFolder.h"; sourceTree = "SOURCE_ROOT"; };
		201B4889632122AEF45DBFF2 = {isa = PBXFileReference; lastKnownFileType = sourcecode.cpp.cpp; name = WindowFocus.cpp; path = ../../Source/Util/WindowFocus.cpp; sourceTree = "SOURCE_ROOT"; };
		209C74FC6664A1A2358F7FE1 = {isa = PBXFileReference; lastKnownFileType = sourcecode.cpp.cpp; name = Utils.cpp; path = ../../Source/Util/Utils.cpp; sourceTree = "SOURCE_ROOT"; };
		2123E1518C6AE49148583293 = {isa = PBXFileReference; lastKnownFileType = sourcecode.c.h; name = UIPage.h; path = "../../Source/Components/Pages/UI Page/UIPage.h"; sourceTree = "SOURCE_ROOT"; };
		22200823820DDB5572F33C7A = {isa = PBXFileReference; lastKnownFileType = sourcecode.c.h; name = SavedConnections.h; path = ../../Source/Hardware/Wifi/SavedConnections.h; sourceTree = "SOURCE_ROOT"; };
		243FA0B57C56989919E43EF7 = {isa = PBXFileReference; lastKnownFileType = text.plist.xml; name = "Info-App.plist"; path = "Info-App.plist"; sourceTree = "SOURCE_ROOT"; };
		25C5392C32076B1A62B3A0F9 = {isa = PBXFileReference; lastKnownFileType = sourcecode.c.h; name = BluezAdapter.h; path = ../../Source/Hardware/Bluetooth/BluezAdapter.h; sourceTree = "SOURCE_ROOT"; };
		268002476783FE4870678DF8 = {isa = PBXFileReference; lastKnownFileType = sourcecode.c.h; name = BinaryData.h; path = ../../JuceLibraryCode/BinaryData.h; sourceTree = "SOURCE_ROOT"; };
		27EDC644BA1FBAB9D222093E = {isa = PBXFileReference; lastKnownFileType = sourcecode.c.h; name = BluetoothStatus.h; path = ../../Source/Hardware/Bluetooth/BluetoothStatus.h; sourceTree = "SOURCE_ROOT"; };
		298E0983DA02576FB93C0A89 = {isa = PBXFileReference; lastKnownFileType = sourcecode.c.h; name = JuceHeader.h; path = ../../JuceLibraryCode/JuceHeader.h; sourceTree = "SOURCE_ROOT"; };
		2B672416585515F67A785F57 = {isa = PBXFileReference; lastKnownFileType = sourcecode.cpp.cpp; name = LoginPage.cpp; path = "../../Source/Components/Pages/Login Page/LoginPage.cpp"; sourceTree = "SOURCE_ROOT"; };
		2C5B36B8DD840900AE795403 = {isa = PBXFileReference; lastKnownFileType = file; name = "juce_graphics"; path = "../../deps/JUCE/modules/juce_graphics"; sourceTree = "SOURCE_ROOT"; };
		2E2C7D43326A4B3E097172C2 = {isa = PBXFileReference; lastKnownFileType = sourcecode.cpp.cpp; name = PocketHomeApplication.cpp; path = ../../Source/PocketHomeApplication.cpp; sourceTree = "SOURCE_ROOT"; };
		2EF91E7A9E2B5655A260AF0B = {isa = PBXFileReference; lastKnownFileType = sourcecode.cpp.cpp; name = IconThread.cpp; path = "../../Source/Components/Pages/Home Page/IconThread.cpp"; sourceTree = "SOURCE_ROOT"; };
		3105B73F35E282F0CC2DF4F3 = {isa = PBXFileReference; lastKnownFileType = sourcecode.c.h; name = AssetFiles.h; path = "../../Source/Shared Resources/AssetFiles.h"; sourceTree = "SOURCE_ROOT"; };
		3128ADAE4017945526723CF2 = {isa = PBXFileReference; lastKnownFileType = sourcecode.cpp.cpp; name = BluetoothDevice.cpp; path = ../../Source/Hardware/Bluetooth/BluetoothDevice.cpp; sourceTree = "SOURCE_ROOT"; };
		32E135486EC1BF2307CFBA1A = {isa = PBXFileReference; lastKnownFileType = sourcecode.cpp.cpp; name = PocketHomeWindow.cpp; path = ../../Source/Components/PocketHomeWindow.cpp; sourceTree = "SOURCE_ROOT"; };
		33EC27EA6FDBC6D293501C86 = {isa = PBXFileReference; lastKnownFileType = sourcecode.c.h; name = DateTimePage.h; path = "../../Source/Components/Pages/DateTime Page/DateTimePage.h"; sourceTree = "SOURCE_ROOT"; };
		34EE50B8A88E258EB034ABF6 = {isa = PBXFileReference; lastKnownFileType = sourcecode.cpp.cpp; name = FileSelectTextEditor.cpp; path = ../../Source/Components/Widgets/FileSelectTextEditor.cpp; sourceTree = "SOURCE_ROOT"; };
		36D43AF5E05B42C8B5F85DC8 = {isa = PBXFileReference; lastKnownFileType = sourcecode.cpp.cpp; name = BatteryMonitor.cpp; path = ../../Source/Hardware/BatteryMonitor.cpp; sourceTree = "SOURCE_ROOT"; };
		37310C7442FBD234B08165F9 = {isa = PBXFileReference; lastKnownFileType = sourcecode.cpp.cpp; name = IconSliderComponent.cpp; path = ../../Source/Components/Widgets/IconSliderComponent.cpp; sourceTree = "SOURCE_ROOT"; };
		37C367E101C43E48D3754E75 = {isa = PBXFileReference; lastKnownFileType = sourcecode.c.h; name = JsonWifiInterface.h; path = ../../Source/Hardware/Wifi/JsonWifiInterface.h; sourceTree = "SOURCE_ROOT"; };
		37F2E4C31D4DCC45CD05E0F4 = {isa = PBXFileReference; lastKnownFileType = sourcecode.cpp.cpp; name = HomeSettingsPage.cpp; path = "../../Source/Components/Pages/Home Settings Page/HomeSettingsPage.cpp"; sourceTree = "SOURCE_ROOT"; };
		3B2D54137C44BEEF047456E3 = {isa = PBXFileReference; lastKnownFileType = sourcecode.cpp.cpp; name = GPPObject.cpp; path = ../../Source/GLib/GPPObject.cpp; sourceTree = "SOURCE_ROOT"; };
		3D8BA8E1900EE05677B2CC13 = {isa = PBXFileReference; lastKnownFileType = sourcecode.cpp.objcpp; name = "include_juce_events.mm"; path = "../../JuceLibraryCode/include_juce_events.mm"; sourceTree = "SOURCE_ROOT"; };
		3E71BA3DC08DBA677F7E3919 = {isa = PBXFileReference; lastKnownFileType = sourcecode.c.h; name = BatteryMonitor.h; path = ../../Source/Hardware/BatteryMonitor.h; sourceTree = "SOURCE_ROOT"; };
		3F54304E794DA80D5D4425CC = {isa = PBXFileReference; lastKnownFileType = sourcecode.c.h; name = AppMenuItem.h; path = "../../Source/Components/Pages/Home Page/AppMenu/Menu Items/AppMenuItem.h"; sourceTree = "SOURCE_ROOT"; };
		409096AF3FAC19F2F082F497 = {isa = PBXFileReference; lastKnownFileType = sourcecode.c.h; name = PocketHomeApplication.h; path = ../../Source/PocketHomeApplication.h; sourceTree = "SOURCE_ROOT"; };
		4223ACAC7C171CF75945FD82 = {isa = PBXFileReference; lastKnownFileType = sourcecode.c.h; name = PageStackComponent.h; path = ../../Source/Components/Pages/PageStackComponent.h; sourceTree = "SOURCE_ROOT"; };
		43618EC1AF9B84CDF65343BF = {isa = PBXFileReference; lastKnownFileType = sourcecode.cpp.cpp; name = PokeLookAndFeel.cpp; path = ../../Source/Components/PokeLookAndFeel.cpp; sourceTree = "SOURCE_ROOT"; };
		4450F5D4B9270A5C020DCCC5 = {isa = PBXFileReference; lastKnownFileType = sourcecode.c.h; name = AppMenuComponent.h; path = "../../Source/Components/Pages/Home Page/AppMenu/AppMenuComponent.h"; sourceTree = "SOURCE_ROOT"; };
		45D42417D3D0CEAC8E93F20B = {isa = PBXFileReference; lastKnownFileType = sourcecode.cpp.cpp; name = FelPage.cpp; path = "../../Source/Components/Pages/Power Page/FelPage.cpp"; sourceTree = "SOURCE_ROOT"; };
		462DED55618D22F9993189CA = {isa = PBXFileReference; lastKnownFileType = sourcecode.cpp.cpp; name = ConfigurableLabel.cpp; path = ../../Source/Components/Configurable/ConfigurableLabel.cpp; sourceTree = "SOURCE_ROOT"; };
		47148987E465351B8F6A67A5 = {isa = PBXFileReference; lastKnownFileType = sourcecode.c.h; name = DesktopEntry.h; path = "../../Source/Components/Pages/Home Page/DesktopEntry.h"; sourceTree = "SOURCE_ROOT"; };
		475FC4F5631972844640A9DB = {isa = PBXFileReference; lastKnownFileType = sourcecode.c.h; name = CounterComponent.h; path = ../../Source/Components/Widgets/CounterComponent.h; sourceTree = "SOURCE_ROOT"; };
		4794C5E96614B9F6C77FF900 = {isa = PBXFileReference; lastKnownFileType = sourcecode.cpp.cpp; name = OverlaySpinner.cpp; path = ../../Source/Components/Widgets/OverlaySpinner.cpp; sourceTree = "SOURCE_ROOT"; };
		48A28AD8DCB2D133CDC9D639 = {isa = PBXFileReference; lastKnownFileType = sourcecode.cpp.cpp; name = PageComponent.cpp; path = ../../Source/Components/Pages/PageComponent.cpp; sourceTree = "SOURCE_ROOT"; };
		491E5A19F62827638AB4C9FE = {isa = PBXFileReference; lastKnownFileType = sourcecode.c.h; name = GLibSignalHandler.h; path = "../../Source/Shared Resources/GLibSignalHandler.h"; sourceTree = "SOURCE_ROOT"; };
		4A5B176F36A2960AD6CD82FC = {isa = PBXFileReference; lastKnownFileType = sourcecode.c.h; name = CategoryPopupEditor.h; path = "../../Source/Components/Pages/Home Page/AppMenu/Menu Editors/CategoryPopupEditor.h"; sourceTree = "SOURCE_ROOT"; };
		4C2B033D0DAAA6309E330DE7 = {isa = PBXFileReference; lastKnownFileType = sourcecode.cpp.objcpp; name = "include_juce_core.mm"; path = "../../JuceLibraryCode/include_juce_core.mm"; sourceTree = "SOURCE_ROOT"; };
		4CB3CCF9ADE8E6BB74A4689D = {isa = PBXFileReference; lastKnownFileType = sourcecode.c.h; name = BaseFolderMenuItem.h; path = "../../Source/Components/Pages/Home Page/AppMenu/Menu Items/BaseFolderMenuItem.h"; sourceTree = "SOURCE_ROOT"; };
		4E92A96336E7B42E83B50078 = {isa = PBXFileReference; lastKnownFileType = sourcecode.c.h; name = GLibThread.h; path = "../../Source/Shared Resources/GLibThread.h"; sourceTree = "SOURCE_ROOT"; };
		4F793CD40BCFC0F4C2F05060 = {isa = PBXFileReference; lastKnownFileType = sourcecode.c.h; name = SettingsPage.h; path = "../../Source/Components/Pages/Settings Page/SettingsPage.h"; sourceTree = "SOURCE_ROOT"; };
		51DE45AF71067519A80E9FE6 = {isa = PBXFileReference; lastKnownFileType = sourcecode.c.h; name = PowerPage.h; path = "../../Source/Components/Pages/Power Page/PowerPage.h"; sourceTree = "SOURCE_ROOT"; };
		51FADB3E23C5B6BDBD632DB4 = {isa = PBXFileReference; lastKnownFileType = sourcecode.c.h; name = GVariantConverter.h; path = ../../Source/GLib/GVariantConverter.h; sourceTree = "SOURCE_ROOT"; };
		55FB232EDA1450C232B65FFE = {isa = PBXFileReference; lastKnownFileType = sourcecode.cpp.cpp; name = LibNMHandler.cpp; path = ../../Source/Hardware/Wifi/LibNMHandler.cpp; sourceTree = "SOURCE_ROOT"; };
		56AC429C5B3420A45299748E = {isa = PBXFileReference; lastKnownFileType = sourcecode.c.h; name = NMPPDeviceWifi.h; path = ../../Source/GLib/LibNM/NMPPDeviceWifi.h; sourceTree = "SOURCE_ROOT"; };
		5A984E825881A6C4DC98B605 = {isa = PBXFileReference; lastKnownFileType = sourcecode.cpp.cpp; name = BluetoothSettingsComponent.cpp; path = "../../Source/Components/Pages/Settings Page/BluetoothSettingsComponent.cpp"; sourceTree = "SOURCE_ROOT"; };
		5B7E8DCDDC03ECA2491BBA4C = {isa = PBXFileReference; lastKnownFileType = sourcecode.c.h; name = AppMenuButton.h; path = "../../Source/Components/Pages/Home Page/AppMenu/AppMenuButton.h"; sourceTree = "SOURCE_ROOT"; };
		5C7604E65FFEB432A94A3F6C = {isa = PBXFileReference; lastKnownFileType = sourcecode.c.h; name = BatteryIcon.h; path = "../../Source/Components/Pages/Home Page/Widgets/BatteryIcon.h"; sourceTree = "SOURCE_ROOT"; };
		5F465EF5D7C4E41ED0240D5D = {isa = PBXFileReference; lastKnownFileType = sourcecode.cpp.cpp; name = LibNMInterface.cpp; path = ../../Source/Hardware/Wifi/LibNMInterface.cpp; sourceTree = "SOURCE_ROOT"; };
		60855E54EB5FD1F66FEF69F1 = {isa = PBXFileReference; lastKnownFileType = sourcecode.cpp.cpp; name = SavedConnection.cpp; path = ../../Source/Hardware/Wifi/SavedConnection.cpp; sourceTree = "SOURCE_ROOT"; };
		6290E082A822E3C728AB4B0B = {isa = PBXFileReference; lastKnownFileType = sourcecode.cpp.cpp; name = PageAppFolder.cpp; path = "../../Source/Components/Pages/Home Page/AppMenu/Menu Folders/PageAppFolder.cpp"; sourceTree = "SOURCE_ROOT"; };
		63F235E0AED98F95153223EA = {isa = PBXFileReference; lastKnownFileType = sourcecode.cpp.cpp; name = SwitchComponent.cpp; path = ../../Source/Components/Widgets/SwitchComponent.cpp; sourceTree = "SOURCE_ROOT"; };
		6419A817F1F0AA5F8537161E = {isa = PBXFileReference; lastKnownFileType = sourcecode.cpp.cpp; name = ListEditor.cpp; path = ../../Source/Components/Widgets/ListEditor.cpp; sourceTree = "SOURCE_ROOT"; };
		64CDB83B7CD434FF78AD3B16 = {isa = PBXFileReference; lastKnownFileType = wrapper.framework; name = Cocoa.framework; path = System/Library/Frameworks/Cocoa.framework; sourceTree = SDKROOT; };
		6519D4800DAC6619BC560289 = {isa = PBXFileReference; lastKnownFileType = sourcecode.cpp.cpp; name = Display.cpp; path = ../../Source/Hardware/Display.cpp; sourceTree = "SOURCE_ROOT"; };
		65FFD0896B1D0EEFB2A5024F = {isa = PBXFileReference; lastKnownFileType = sourcecode.cpp.cpp; name = BluetoothSettingsPage.cpp; path = "../../Source/Components/Pages/Settings Page/BluetoothSettingsPage.cpp"; sourceTree = "SOURCE_ROOT"; };
		66437E769AE6FADAE19C2E2F = {isa = PBXFileReference; lastKnownFileType = sourcecode.cpp.cpp; name = AppMenuFolder.cpp; path = "../../Source/Components/Pages/Home Page/AppMenu/AppMenuFolder.cpp"; sourceTree = "SOURCE_ROOT"; };
		6664AC21552F974424D0C145 = {isa = PBXFileReference; lastKnownFileType = sourcecode.c.h; name = ResourceManager.h; path = "../../Source/Shared Resources/ResourceManager.h"; sourceTree = "SOURCE_ROOT"; };
		67AA4D9217AAC7923E25470D = {isa = PBXFileReference; lastKnownFileType = sourcecode.c.h; name = DrawableImageButton.h; path = ../../Source/Components/Widgets/DrawableImageButton.h; sourceTree = "SOURCE_ROOT"; };
		69439DA221C36FABCFE2A5C0 = {isa = PBXFileReference; lastKnownFileType = sourcecode.c.h; name = KeybindingPage.h; path = "../../Source/Components/Pages/Input Settings Page/KeybindingPage.h"; sourceTree = "SOURCE_ROOT"; };
		69EF9AE7DD1D8427E430FE98 = {isa = PBXFileReference; lastKnownFileType = sourcecode.c.h; name = I2CBus.h; path = ../../Source/Hardware/I2CBus.h; sourceTree = "SOURCE_ROOT"; };
		6A875CD85DD44645993BEF8A = {isa = PBXFileReference; explicitFileType = wrapper.application; includeInIndex = 0; path = "pocket-home.app"; sourceTree = "BUILT_PRODUCTS_DIR"; };
		6CC42B977B1D15C7E859694B = {isa = PBXFileReference; lastKnownFileType = sourcecode.cpp.cpp; name = ComponentConfigFile.cpp; path = "../../Source/Shared Resources/Config Files/ComponentConfigFile.cpp"; sourceTree = "SOURCE_ROOT"; };
		6CFDA6AF69461AA135CB51A1 = {isa = PBXFileReference; lastKnownFileType = sourcecode.cpp.cpp; name = WindowFocusedTimer.cpp; path = ../../Source/Util/WindowFocusedTimer.cpp; sourceTree = "SOURCE_ROOT"; };
		6D2FE986B52FDE25D45161C2 = {isa = PBXFileReference; lastKnownFileType = sourcecode.c.h; name = WifiIcon.h; path = "../../Source/Components/Pages/Home Page/Widgets/WifiIcon.h"; sourceTree = "SOURCE_ROOT"; };
		6D6C24217AA339D3A3F43101 = {isa = PBXFileReference; lastKnownFileType = file; name = "juce_core"; path = "../../deps/JUCE/modules/juce_core"; sourceTree = "SOURCE_ROOT"; };
		6E7279BB5B08F4915D165DC8 = {isa = PBXFileReference; lastKnownFileType = sourcecode.c.h; name = RelativeLayoutManager.h; path = ../../Source/Components/RelativeLayoutManager.h; sourceTree = "SOURCE_ROOT"; };
		7035C11BC5EAB1E71C8507CF = {isa = PBXFileReference; lastKnownFileType = sourcecode.c.h; name = FelPage.h; path = "../../Source/Components/Pages/Power Page/FelPage.h"; sourceTree = "SOURCE_ROOT"; };
		70821AA3FFF3F16D181E7613 = {isa = PBXFileReference; lastKnownFileType = sourcecode.c.h; name = ConfigurableComponent.h; path = ../../Source/Components/Configurable/ConfigurableComponent.h; sourceTree = "SOURCE_ROOT"; };
		70BE9E54871BBE196842E167 = {isa = PBXFileReference; lastKnownFileType = sourcecode.c.h; name = Audio.h; path = ../../Source/Hardware/Audio.h; sourceTree = "SOURCE_ROOT"; };
		7190754A2E6CDFC7F8595EA5 = {isa = PBXFileReference; lastKnownFileType = sourcecode.c.h; name = GPPDBusProxy.h; path = ../../Source/GLib/GPPDBusProxy.h; sourceTree = "SOURCE_ROOT"; };
		71D9E2052FB7F3B71773C017 = {isa = PBXFileReference; lastKnownFileType = sourcecode.cpp.cpp; name = NewDesktopAppEditor.cpp; path = "../../Source/Components/Pages/Home Page/AppMenu/Menu Editors/NewDesktopAppEditor.cpp"; sourceTree = "SOURCE_ROOT"; };
		7618424B43AAB00C45F316A2 = {isa = PBXFileReference; lastKnownFileType = sourcecode.c.h; name = AppMenuItemFactory.h; path = "../../Source/Components/Pages/Home Page/AppMenu/Menu Items/AppMenuItemFactory.h"; sourceTree = "SOURCE_ROOT"; };
		762F992C19C2E300EAB92094 = {isa = PBXFileReference; lastKnownFileType = sourcecode.c.h; name = ConnectionPage.h; path = "../../Source/Components/Pages/Settings Page/ConnectionPage.h"; sourceTree = "SOURCE_ROOT"; };
		793D45A4A9D717F9F0133903 = {isa = PBXFileReference; lastKnownFileType = wrapper.framework; name = IOKit.framework; path = System/Library/Frameworks/IOKit.framework; sourceTree = SDKROOT; };
		7A3ACDAAE26E457BBE035DFB = {isa = PBXFileReference; lastKnownFileType = sourcecode.c.h; name = FolderMenuItem.h; path = "../../Source/Components/Pages/Home Page/AppMenu/Menu Items/FolderMenuItem.h"; sourceTree = "SOURCE_ROOT"; };
		7AFE86488F880BC92D685C46 = {isa = PBXFileReference; lastKnownFileType = sourcecode.c.h; name = RemovePasswordPage.h; path = "../../Source/Components/Pages/Password Pages/RemovePasswordPage.h"; sourceTree = "SOURCE_ROOT"; };
		7C3E4C869E99FADE0993F217 = {isa = PBXFileReference; lastKnownFileType = sourcecode.cpp.cpp; name = DesktopEntry.cpp; path = "../../Source/Components/Pages/Home Page/DesktopEntry.cpp"; sourceTree = "SOURCE_ROOT"; };
		7F5A3D221DA1F0E438E56057 = {isa = PBXFileReference; lastKnownFileType = sourcecode.cpp.cpp; name = DateTimePage.cpp; path = "../../Source/Components/Pages/DateTime Page/DateTimePage.cpp"; sourceTree = "SOURCE_ROOT"; };
		81D682238B383EB3D7010236 = {isa = PBXFileReference; lastKnownFileType = file.nib; name = RecentFilesMenuTemplate.nib; path = RecentFilesMenuTemplate.nib; sourceTree = "SOURCE_ROOT"; };
		8269D6C9E7CC0211F5E06EF6 = {isa = PBXFileReference; lastKnownFileType = sourcecode.cpp.cpp; name = NewConfigAppEditor.cpp; path = "../../Source/Components/Pages/Home Page/AppMenu/Menu Editors/NewConfigAppEditor.cpp"; sourceTree = "SOURCE_ROOT"; };
		82DB43E1A7C3F4211F048882 = {isa = PBXFileReference; lastKnownFileType = sourcecode.c.h; name = DrawableImageComponent.h; path = ../../Source/Components/Widgets/DrawableImageComponent.h; sourceTree = "SOURCE_ROOT"; };
		8312A28FFDD47BDB369486D8 = {isa = PBXFileReference; lastKnownFileType = sourcecode.c.h; name = ConfigurableImageComponent.h; path = ../../Source/Components/Configurable/ConfigurableImageComponent.h; sourceTree = "SOURCE_ROOT"; };
		838A1FDC1A43D1D0D86FFFD8 = {isa = PBXFileReference; lastKnownFileType = file.ttf; name = "Lato-Regular.ttf"; path = "../../assets/fonts/Lato-Regular.ttf"; sourceTree = "SOURCE_ROOT"; };
		838C283DE24825BC5221EE7A = {isa = PBXFileReference; lastKnownFileType = sourcecode.c.h; name = NMPPClient.h; path = ../../Source/GLib/LibNM/NMPPClient.h; sourceTree = "SOURCE_ROOT"; };
		8431658E51F02215B2534BB3 = {isa = PBXFileReference; lastKnownFileType = sourcecode.c.h; name = HomePage.h; path = "../../Source/Components/Pages/Home Page/HomePage.h"; sourceTree = "SOURCE_ROOT"; };
		87DC26425F9CBA11CCC5C5B1 = {isa = PBXFileReference; lastKnownFileType = sourcecode.c.h; name = PageFactory.h; path = ../../Source/Components/Pages/PageFactory.h; sourceTree = "SOURCE_ROOT"; };
		87EAB58FD64F62ABB3028472 = {isa = PBXFileReference; lastKnownFileType = sourcecode.cpp.cpp; name = GLibThread.cpp; path = "../../Source/Shared Resources/GLibThread.cpp"; sourceTree = "SOURCE_ROOT"; };
		88C0E7B8F9D9D8AC38FDAD08 = {isa = PBXFileReference; lastKnownFileType = sourcecode.c.h; name = LibNMInterface.h; path = ../../Source/Hardware/Wifi/LibNMInterface.h; sourceTree = "SOURCE_ROOT"; };
		890FCC4B9B1D629087A8E764 = {isa = PBXFileReference; lastKnownFileType = sourcecode.cpp.cpp; name = ResourceManager.cpp; path = "../../Source/Shared Resources/ResourceManager.cpp"; sourceTree = "SOURCE_ROOT"; };
		89234BC727CA2C744ADB0F0D = {isa = PBXFileReference; lastKnownFileType = sourcecode.cpp.cpp; name = PopupEditorComponent.cpp; path = ../../Source/Components/Widgets/PopupEditorComponent.cpp; sourceTree = "SOURCE_ROOT"; };
		897980146157FFFC8BCDC121 = {isa = PBXFileReference; lastKnownFileType = sourcecode.cpp.cpp; name = DesktopEntries.cpp; path = "../../Source/Components/Pages/Home Page/DesktopEntries.cpp"; sourceTree = "SOURCE_ROOT"; };
		8993BE527F7A7D6B9298CE68 = {isa = PBXFileReference; lastKnownFileType = sourcecode.c.h; name = WifiSettingsPage.h; path = "../../Source/Components/Pages/Settings Page/WifiSettingsPage.h"; sourceTree = "SOURCE_ROOT"; };
		899727573DDE36107D3F7784 = {isa = PBXFileReference; lastKnownFileType = sourcecode.cpp.cpp; name = SavedConnections.cpp; path = ../../Source/Hardware/Wifi/SavedConnections.cpp; sourceTree = "SOURCE_ROOT"; };
		8A5575DEE1EE90479556C79A = {isa = PBXFileReference; lastKnownFileType = sourcecode.cpp.cpp; name = NMPPDeviceWifi.cpp; path = ../../Source/GLib/LibNM/NMPPDeviceWifi.cpp; sourceTree = "SOURCE_ROOT"; };
		8D7304E1AC0835929285679A = {isa = PBXFileReference; lastKnownFileType = sourcecode.cpp.cpp; name = Audio.cpp; path = ../../Source/Hardware/Audio.cpp; sourceTree = "SOURCE_ROOT"; };
		8E1E710ECEEBEF009ABF477C = {isa = PBXFileReference; lastKnownFileType = sourcecode.cpp.cpp; name = BaseFolderMenuItem.cpp; path = "../../Source/Components/Pages/Home Page/AppMenu/Menu Items/BaseFolderMenuItem.cpp"; sourceTree = "SOURCE_ROOT"; };
		927364F39ABEA3B200BB7AC8 = {isa = PBXFileReference; lastKnownFileType = file; name = "juce_events"; path = "../../deps/JUCE/modules/juce_events"; sourceTree = "SOURCE_ROOT"; };
		9430064C1E372F7949061BB6 = {isa = PBXFileReference; lastKnownFileType = sourcecode.cpp.cpp; name = WifiAccessPoint.cpp; path = ../../Source/Hardware/Wifi/WifiAccessPoint.cpp; sourceTree = "SOURCE_ROOT"; };
		94A20F14CE3CA585AFAFE915 = {isa = PBXFileReference; lastKnownFileType = sourcecode.cpp.cpp; name = ClockLabel.cpp; path = "../../Source/Components/Pages/Home Page/Widgets/ClockLabel.cpp"; sourceTree = "SOURCE_ROOT"; };
		981E053B45C0EA999DEBAC94 = {isa = PBXFileReference; lastKnownFileType = sourcecode.cpp.cpp; name = PageFactory.cpp; path = ../../Source/Components/Pages/PageFactory.cpp; sourceTree = "SOURCE_ROOT"; };
		9912A25465A1A956D891C7CB = {isa = PBXFileReference; lastKnownFileType = sourcecode.c.h; name = ScalingLabel.h; path = ../../Source/Components/Widgets/ScalingLabel.h; sourceTree = "SOURCE_ROOT"; };
		9A31713BEC517A71B37737E6 = {isa = PBXFileReference; lastKnownFileType = sourcecode.cpp.cpp; name = NMPPAccessPoint.cpp; path = ../../Source/GLib/LibNM/NMPPAccessPoint.cpp; sourceTree = "SOURCE_ROOT"; };
		9B32EC50CA9C1B328AACF8FD = {isa = PBXFileReference; lastKnownFileType = sourcecode.c.h; name = WindowFocusedTimer.h; path = ../../Source/Util/WindowFocusedTimer.h; sourceTree = "SOURCE_ROOT"; };
		9B4275CC55034D8F09F08B16 = {isa = PBXFileReference; lastKnownFileType = sourcecode.cpp.cpp; name = ConfigFile.cpp; path = "../../Source/Shared Resources/Config Files/ConfigFile.cpp"; sourceTree = "SOURCE_ROOT"; };
		9CC3777BF6C5C56A176C4974 = {isa = PBXFileReference; lastKnownFileType = sourcecode.cpp.cpp; name = AppMenuItemFactory.cpp; path = "../../Source/Components/Pages/Home Page/AppMenu/Menu Items/AppMenuItemFactory.cpp"; sourceTree = "SOURCE_ROOT"; };
		9E540A3E94E0A2EE5EA10B0E = {isa = PBXFileReference; lastKnownFileType = sourcecode.c.h; name = ComponentConfigFile.h; path = "../../Source/Shared Resources/Config Files/ComponentConfigFile.h"; sourceTree = "SOURCE_ROOT"; };
		9E7FBB2072315B967114AF51 = {isa = PBXFileReference; lastKnownFileType = sourcecode.c.h; name = NewConfigAppEditor.h; path = "../../Source/Components/Pages/Home Page/AppMenu/Menu Editors/NewConfigAppEditor.h"; sourceTree = "SOURCE_ROOT"; };
		9F9204F6A483ABAB95700CCE = {isa = PBXFileReference; lastKnownFileType = sourcecode.cpp.cpp; name = PagedAppMenu.cpp; path = "../../Source/Components/Pages/Home Page/AppMenu/Menu Types/PagedAppMenu.cpp"; sourceTree = "SOURCE_ROOT"; };
		A12883C88EDA0F7068A4A4FE = {isa = PBXFileReference; lastKnownFileType = sourcecode.cpp.cpp; name = UIPage.cpp; path = "../../Source/Components/Pages/UI Page/UIPage.cpp"; sourceTree = "SOURCE_ROOT"; };
		A1B36B0F55CDE29CF30CA280 = {isa = PBXFileReference; lastKnownFileType = sourcecode.cpp.cpp; name = Password.cpp; path = "../../Source/Components/Pages/Password Pages/Password.cpp"; sourceTree = "SOURCE_ROOT"; };
		A40D7F8E5CEFD9EE7A0DB166 = {isa = PBXFileReference; lastKnownFileType = sourcecode.c.h; name = ScrollingAppMenu.h; path = "../../Source/Components/Pages/Home Page/AppMenu/Menu Types/ScrollingAppMenu.h"; sourceTree = "SOURCE_ROOT"; };
		A913E91CDEDFFF580C9345C6 = {isa = PBXFileReference; lastKnownFileType = sourcecode.c.h; name = ConfigurableImageButton.h; path = ../../Source/Components/Configurable/ConfigurableImageButton.h; sourceTree = "SOURCE_ROOT"; };
		A97398521CC28C5AF53B2F4D = {isa = PBXFileReference; lastKnownFileType = sourcecode.cpp.cpp; name = AppLauncher.cpp; path = ../../Source/Util/AppLauncher.cpp; sourceTree = "SOURCE_ROOT"; };
		A97B710E3DB922B922556E74 = {isa = PBXFileReference; lastKnownFileType = sourcecode.c.h; name = Utils.h; path = ../../Source/Util/Utils.h; sourceTree = "SOURCE_ROOT"; };
		AAE7BFD57345856E7DD7816D = {isa = PBXFileReference; lastKnownFileType = sourcecode.c.h; name = ClockLabel.h; path = "../../Source/Components/Pages/Home Page/Widgets/ClockLabel.h"; sourceTree = "SOURCE_ROOT"; };
		AB0E482DAE9BEB8A259F2C17 = {isa = PBXFileReference; lastKnownFileType = sourcecode.cpp.cpp; name = WifiSettingsPage.cpp; path = "../../Source/Components/Pages/Settings Page/WifiSettingsPage.cpp"; sourceTree = "SOURCE_ROOT"; };
		ABCD83F44762050DAABDA678 = {isa = PBXFileReference; lastKnownFileType = sourcecode.c.h; name = InputSettingsPage.h; path = "../../Source/Components/Pages/Input Settings Page/InputSettingsPage.h"; sourceTree = "SOURCE_ROOT"; };
		AC1C3B5E6DE4CEF8FE259DA5 = {isa = PBXFileReference; lastKnownFileType = sourcecode.cpp.cpp; name = GPPDBusProxy.cpp; path = ../../Source/GLib/GPPDBusProxy.cpp; sourceTree = "SOURCE_ROOT"; };
		AC61110E42BA7191BE529001 = {isa = PBXFileReference; lastKnownFileType = sourcecode.cpp.cpp; name = ConfigurableComponent.cpp; path = ../../Source/Components/Configurable/ConfigurableComponent.cpp; sourceTree = "SOURCE_ROOT"; };
		AD9CB3537563586C23BF79A5 = {isa = PBXFileReference; lastKnownFileType = sourcecode.c.h; name = PokeLookAndFeel.h; path = ../../Source/Components/PokeLookAndFeel.h; sourceTree = "SOURCE_ROOT"; };
		ADC1E77A79394AAFDB0E4350 = {isa = PBXFileReference; lastKnownFileType = sourcecode.c.h; name = PageComponent.h; path = ../../Source/Components/Pages/PageComponent.h; sourceTree = "SOURCE_ROOT"; };
		AF85600A95C0E3FD80EF8B3A = {isa = PBXFileReference; lastKnownFileType = sourcecode.c.h; name = BluetoothDevice.h; path = ../../Source/Hardware/Bluetooth/BluetoothDevice.h; sourceTree = "SOURCE_ROOT"; };
		AF9FAF5B2650B30ED5626FEB = {isa = PBXFileReference; lastKnownFileType = sourcecode.cpp.cpp; name = NMPPClient.cpp; path = ../../Source/GLib/LibNM/NMPPClient.cpp; sourceTree = "SOURCE_ROOT"; };
		B10E9250465990614A3E0B71 = {isa = PBXFileReference; lastKnownFileType = sourcecode.cpp.cpp; name = RemovePasswordPage.cpp; path = "../../Source/Components/Pages/Password Pages/RemovePasswordPage.cpp"; sourceTree = "SOURCE_ROOT"; };
		B25CDAE824C1A78C92DDEB59 = {isa = PBXFileReference; lastKnownFileType = sourcecode.c.h; name = ConfigFile.h; path = "../../Source/Shared Resources/Config Files/ConfigFile.h"; sourceTree = "SOURCE_ROOT"; };
		B281180296E2F68C0D1C81FE = {isa = PBXFileReference; lastKnownFileType = sourcecode.cpp.cpp; name = PowerPage.cpp; path = "../../Source/Components/Pages/Power Page/PowerPage.cpp"; sourceTree = "SOURCE_ROOT"; };
		B3576DEEE01E52FB3C5C8398 = {isa = PBXFileReference; lastKnownFileType = sourcecode.cpp.cpp; name = ScalingLabel.cpp; path = ../../Source/Components/Widgets/ScalingLabel.cpp; sourceTree = "SOURCE_ROOT"; };
		B39E6E5A59F99386A79EEE1E = {isa = PBXFileReference; lastKnownFileType = sourcecode.c.h; name = SavedConnection.h; path = ../../Source/Hardware/Wifi/SavedConnection.h; sourceTree = "SOURCE_ROOT"; };
		B5CFC39A1D2614EA21B8500D = {isa = PBXFileReference; lastKnownFileType = sourcecode.cpp.cpp; name = NMPPConnection.cpp; path = ../../Source/GLib/LibNM/NMPPConnection.cpp; sourceTree = "SOURCE_ROOT"; };
		B5DCAF01E0490D7413E9E85F = {isa = PBXFileReference; lastKnownFileType = wrapper.framework; name = QuartzCore.framework; path = System/Library/Frameworks/QuartzCore.framework; sourceTree = SDKROOT; };
		B6EC3B4CE1ECD55CDDC6CBB8 = {isa = PBXFileReference; lastKnownFileType = sourcecode.cpp.cpp; name = AppMenuItem.cpp; path = "../../Source/Components/Pages/Home Page/AppMenu/Menu Items/AppMenuItem.cpp"; sourceTree = "SOURCE_ROOT"; };
		B6F8190575C8F212449D8A4D = {isa = PBXFileReference; lastKnownFileType = sourcecode.cpp.cpp; name = BluezAdapter.cpp; path = ../../Source/Hardware/Bluetooth/BluezAdapter.cpp; sourceTree = "SOURCE_ROOT"; };
		B9A1635A6BAA7C299138DEC3 = {isa = PBXFileReference; lastKnownFileType = sourcecode.cpp.cpp; name = MainConfigFile.cpp; path = "../../Source/Shared Resources/Config Files/MainConfigFile.cpp"; sourceTree = "SOURCE_ROOT"; };
		BB3D58FDF2D817776CE58B99 = {isa = PBXFileReference; lastKnownFileType = sourcecode.c.h; name = AppConfig.h; path = ../../JuceLibraryCode/AppConfig.h; sourceTree = "SOURCE_ROOT"; };
		BB88AEE494C74F681E8BC6C3 = {isa = PBXFileReference; lastKnownFileType = sourcecode.cpp.cpp; name = WifiIcon.cpp; path = "../../Source/Components/Pages/Home Page/Widgets/WifiIcon.cpp"; sourceTree = "SOURCE_ROOT"; };
		BC8B99BDB27FF812849CE45D = {isa = PBXFileReference; lastKnownFileType = sourcecode.c.h; name = FileSelectTextEditor.h; path = ../../Source/Components/Widgets/FileSelectTextEditor.h; sourceTree = "SOURCE_ROOT"; };
		BE10AC05F743D7B9F14B072B = {isa = PBXFileReference; lastKnownFileType = sourcecode.c.h; name = IconSliderComponent.h; path = ../../Source/Components/Widgets/IconSliderComponent.h; sourceTree = "SOURCE_ROOT"; };
		BE1714D68A7F5872612D9985 = {isa = PBXFileReference; lastKnownFileType = sourcecode.cpp.cpp; name = InputSettingsPage.cpp; path = "../../Source/Components/Pages/Input Settings Page/InputSettingsPage.cpp"; sourceTree = "SOURCE_ROOT"; };
		BE655347BAD4E44ECC084EA8 = {isa = PBXFileReference; lastKnownFileType = sourcecode.cpp.cpp; name = DrawableImageComponent.cpp; path = ../../Source/Components/Widgets/DrawableImageComponent.cpp; sourceTree = "SOURCE_ROOT"; };
		BE9381A7423993D51DA1FBDA = {isa = PBXFileReference; lastKnownFileType = sourcecode.c.h; name = DesktopEntries.h; path = "../../Source/Components/Pages/Home Page/DesktopEntries.h"; sourceTree = "SOURCE_ROOT"; };
		BEA73F0F044F15F4ECD6275B = {isa = PBXFileReference; lastKnownFileType = file.json; name = wifi.json; path = ../../assets/wifi.json; sourceTree = "SOURCE_ROOT"; };
		BEB8D90EBC405F8D7A14FE80 = {isa = PBXFileReference; lastKnownFileType = sourcecode.c.h; name = PopupEditorComponent.h; path = ../../Source/Components/Widgets/PopupEditorComponent.h; sourceTree = "SOURCE_ROOT"; };
		BF2F5C3804D345C3559158A1 = {isa = PBXFileReference; lastKnownFileType = sourcecode.c.h; name = WindowFocus.h; path = ../../Source/Util/WindowFocus.h; sourceTree = "SOURCE_ROOT"; };
		C1D33117DF650FD4889D2C6F = {isa = PBXFileReference; lastKnownFileType = sourcecode.cpp.cpp; name = ColourPicker.cpp; path = ../../Source/Components/Widgets/ColourPicker.cpp; sourceTree = "SOURCE_ROOT"; };
		C4A55CD338AC718F0A513A66 = {isa = PBXFileReference; lastKnownFileType = file.json; name = bluetooth.json; path = ../../assets/bluetooth.json; sourceTree = "SOURCE_ROOT"; };
		C4B7F2605DDC614A6295BC76 = {isa = PBXFileReference; lastKnownFileType = sourcecode.cpp.cpp; name = SetPasswordPage.cpp; path = "../../Source/Components/Pages/Password Pages/SetPasswordPage.cpp"; sourceTree = "SOURCE_ROOT"; };
		C4D7FE1DA1356C5ED7060AAF = {isa = PBXFileReference; lastKnownFileType = sourcecode.c.h; name = AppMenuFolder.h; path = "../../Source/Components/Pages/Home Page/AppMenu/AppMenuFolder.h"; sourceTree = "SOURCE_ROOT"; };
		C65E35B0D721312EDB479E3F = {isa = PBXFileReference; lastKnownFileType = sourcecode.c.h; name = NMPPAccessPoint.h; path = ../../Source/GLib/LibNM/NMPPAccessPoint.h; sourceTree = "SOURCE_ROOT"; };
		C97A48479D78AB0B674A13A0 = {isa = PBXFileReference; lastKnownFileType = sourcecode.c.h; name = Display.h; path = ../../Source/Hardware/Display.h; sourceTree = "SOURCE_ROOT"; };
		CAE2CF1857D6CF7CF649CA21 = {isa = PBXFileReference; lastKnownFileType = sourcecode.c.h; name = ComponentEditorPage.h; path = "../../Source/Components/Pages/UI Page/ComponentEditorPage.h"; sourceTree = "SOURCE_ROOT"; };
		CCB05640E882085945DE52FC = {isa = PBXFileReference; lastKnownFileType = sourcecode.cpp.cpp; name = KeybindingPage.cpp; path = "../../Source/Components/Pages/Input Settings Page/KeybindingPage.cpp"; sourceTree = "SOURCE_ROOT"; };
		CD053589A2351711B21EACAE = {isa = PBXFileReference; lastKnownFileType = sourcecode.cpp.objcpp; name = "include_juce_gui_basics.mm"; path = "../../JuceLibraryCode/include_juce_gui_basics.mm"; sourceTree = "SOURCE_ROOT"; };
		CDB566C6123412FC865C161B = {isa = PBXFileReference; lastKnownFileType = sourcecode.c.h; name = AppLauncher.h; path = ../../Source/Util/AppLauncher.h; sourceTree = "SOURCE_ROOT"; };
		CEDE008DE3D42E04A51F2BDE = {isa = PBXFileReference; lastKnownFileType = sourcecode.c.h; name = AppMenuPopupEditor.h; path = "../../Source/Components/Pages/Home Page/AppMenu/Menu Editors/AppMenuPopupEditor.h"; sourceTree = "SOURCE_ROOT"; };
		CF407C86342F2A5CBAFE9DC9 = {isa = PBXFileReference; lastKnownFileType = sourcecode.c.h; name = Password.h; path = "../../Source/Components/Pages/Password Pages/Password.h"; sourceTree = "SOURCE_ROOT"; };
		CF6E44E7A3E5A5D93E31A8EF = {isa = PBXFileReference; lastKnownFileType = sourcecode.c.h; name = GPPObject.h; path = ../../Source/GLib/GPPObject.h; sourceTree = "SOURCE_ROOT"; };
		CFC944296FCC4DBD43C0E99C = {isa = PBXFileReference; lastKnownFileType = sourcecode.c.h; name = ConfigAppMenuItem.h; path = "../../Source/Components/Pages/Home Page/AppMenu/Menu Items/ConfigAppMenuItem.h"; sourceTree = "SOURCE_ROOT"; };
		D0D6C84698A73DBD8D8BF6C4 = {isa = PBXFileReference; lastKnownFileType = sourcecode.cpp.cpp; name = BluetoothStatus.cpp; path = ../../Source/Hardware/Bluetooth/BluetoothStatus.cpp; sourceTree = "SOURCE_ROOT"; };
		D1232B45052DF74E9F94FBEF = {isa = PBXFileReference; lastKnownFileType = sourcecode.cpp.cpp; name = WifiStateManager.cpp; path = ../../Source/Hardware/Wifi/WifiStateManager.cpp; sourceTree = "SOURCE_ROOT"; };
		D25904B3F92D44E58B04C268 = {isa = PBXFileReference; lastKnownFileType = sourcecode.cpp.cpp; name = ConnectionSettingsComponent.cpp; path = "../../Source/Components/Pages/Settings Page/ConnectionSettingsComponent.cpp"; sourceTree = "SOURCE_ROOT"; };
		D2E6D861C600DCFFB2AAE9A1 = {isa = PBXFileReference; lastKnownFileType = sourcecode.cpp.cpp; name = ColourPage.cpp; path = "../../Source/Components/Pages/UI Page/ColourPage.cpp"; sourceTree = "SOURCE_ROOT"; };
		D35B5C227F8B50495BCD7477 = {isa = PBXFileReference; lastKnownFileType = sourcecode.c.h; name = NewFolderEditor.h; path = "../../Source/Components/Pages/Home Page/AppMenu/Menu Editors/NewFolderEditor.h"; sourceTree = "SOURCE_ROOT"; };
		D384A02AF30DD63A309DCA7D = {isa = PBXFileReference; lastKnownFileType = sourcecode.c.h; name = ScrollingAppFolder.h; path = "../../Source/Components/Pages/Home Page/AppMenu/Menu Folders/ScrollingAppFolder.h"; sourceTree = "SOURCE_ROOT"; };
		D4641C0661C60CC592DDC2AA = {isa = PBXFileReference; lastKnownFileType = sourcecode.cpp.cpp; name = ConfigAppMenuItem.cpp; path = "../../Source/Components/Pages/Home Page/AppMenu/Menu Items/ConfigAppMenuItem.cpp"; sourceTree = "SOURCE_ROOT"; };
		D4DB1A0B6D5A4EE8C57333FE = {isa = PBXFileReference; lastKnownFileType = sourcecode.c.h; name = NMPPConnection.h; path = ../../Source/GLib/LibNM/NMPPConnection.h; sourceTree = "SOURCE_ROOT"; };
		D521F50FCD0434FD55560B5A = {isa = PBXFileReference; lastKnownFileType = sourcecode.cpp.cpp; name = DesktopEntryMenuItem.cpp; path = "../../Source/Components/Pages/Home Page/AppMenu/Menu Items/DesktopEntryMenuItem.cpp"; sourceTree = "SOURCE_ROOT"; };
		D59BB36F63A298B3BAC2A2A6 = {isa = PBXFileReference; lastKnownFileType = sourcecode.cpp.cpp; name = GVariantConverter.cpp; path = ../../Source/GLib/GVariantConverter.cpp; sourceTree = "SOURCE_ROOT"; };
		D7BD7BAFCACEEC55DAD0B9AA = {isa = PBXFileReference; lastKnownFileType = sourcecode.c.h; name = WifiStateManager.h; path = ../../Source/Hardware/Wifi/WifiStateManager.h; sourceTree = "SOURCE_ROOT"; };
		D8DEF28E7800C921E6C71479 = {isa = PBXFileReference; lastKnownFileType = sourcecode.cpp.cpp; name = ConfigurableImageButton.cpp; path = ../../Source/Components/Configurable/ConfigurableImageButton.cpp; sourceTree = "SOURCE_ROOT"; };
		DA4E58E9574DC56015EEA841 = {isa = PBXFileReference; lastKnownFileType = sourcecode.cpp.cpp; name = DrawableImageButton.cpp; path = ../../Source/Components/Widgets/DrawableImageButton.cpp; sourceTree = "SOURCE_ROOT"; };
		DC4901B8654018F2D9C5C578 = {isa = PBXFileReference; lastKnownFileType = sourcecode.c.h; name = MainConfigFile.h; path = "../../Source/Shared Resources/Config Files/MainConfigFile.h"; sourceTree = "SOURCE_ROOT"; };
		DD2505E3F0EAFCF94A273BDB = {isa = PBXFileReference; lastKnownFileType = sourcecode.cpp.cpp; name = JsonWifiInterface.cpp; path = ../../Source/Hardware/Wifi/JsonWifiInterface.cpp; sourceTree = "SOURCE_ROOT"; };
		DEEB7CA214AC81F3883BE35C = {isa = PBXFileReference; lastKnownFileType = sourcecode.cpp.cpp; name = TempTimer.cpp; path = ../../Source/Util/TempTimer.cpp; sourceTree = "SOURCE_ROOT"; };
		E06FCE4B68E53D63EEE9F3CC = {isa = PBXFileReference; lastKnownFileType = sourcecode.cpp.cpp; name = ConfigurableImageComponent.cpp; path = ../../Source/Components/Configurable/ConfigurableImageComponent.cpp; sourceTree = "SOURCE_ROOT"; };
		E0D0FB1F85D1B47414494937 = {isa = PBXFileReference; lastKnownFileType = sourcecode.cpp.cpp; name = GLibSignalHandler.cpp; path = "../../Source/Shared Resources/GLibSignalHandler.cpp"; sourceTree = "SOURCE_ROOT"; };
		E1438BEB74EC4304AF0F374D = {isa = PBXFileReference; lastKnownFileType = sourcecode.cpp.cpp; name = BatteryIcon.cpp; path = "../../Source/Components/Pages/Home Page/Widgets/BatteryIcon.cpp"; sourceTree = "SOURCE_ROOT"; };
		E16A82F1FB9A31916DEEBA9E = {isa = PBXFileReference; lastKnownFileType = sourcecode.cpp.cpp; name = AdvancedSettingsPage.cpp; path = "../../Source/Components/Pages/Advanced Settings Page/AdvancedSettingsPage.cpp"; sourceTree = "SOURCE_ROOT"; };
		E1D44C2FDC9CEEF6124A0276 = {isa = PBXFileReference; lastKnownFileType = sourcecode.c.h; name = SetPasswordPage.h; path = "../../Source/Components/Pages/Password Pages/SetPasswordPage.h"; sourceTree = "SOURCE_ROOT"; };
		E2D647542D2E34C2F965A198 = {isa = PBXFileReference; lastKnownFileType = sourcecode.cpp.cpp; name = CategoryPopupEditor.cpp; path = "../../Source/Components/Pages/Home Page/AppMenu/Menu Editors/CategoryPopupEditor.cpp"; sourceTree = "SOURCE_ROOT"; };
		E31856ECFC4A1614ACF556D6 = {isa = PBXFileReference; lastKnownFileType = sourcecode.cpp.cpp; name = ConnectionPage.cpp; path = "../../Source/Components/Pages/Settings Page/ConnectionPage.cpp"; sourceTree = "SOURCE_ROOT"; };
		E337D354CA8232D7FD660EC8 = {isa = PBXFileReference; lastKnownFileType = sourcecode.c.h; name = ConnectionSettingsComponent.h; path = "../../Source/Components/Pages/Settings Page/ConnectionSettingsComponent.h"; sourceTree = "SOURCE_ROOT"; };
		E3A456EB4A82D5986837A591 = {isa = PBXFileReference; lastKnownFileType = sourcecode.c.h; name = TempTimer.h; path = ../../Source/Util/TempTimer.h; sourceTree = "SOURCE_ROOT"; };
		E3BB77CB324E7BEAE96C11CE = {isa = PBXFileReference; lastKnownFileType = sourcecode.c.h; name = Spinner.h; path = ../../Source/Components/Widgets/Spinner.h; sourceTree = "SOURCE_ROOT"; };
		E43C5D0CB760B3B2A0389C2D = {isa = PBXFileReference; lastKnownFileType = sourcecode.c.h; name = LoginPage.h; path = "../../Source/Components/Pages/Login Page/LoginPage.h"; sourceTree = "SOURCE_ROOT"; };
		E5826A983B027063134745EB = {isa = PBXFileReference; lastKnownFileType = sourcecode.cpp.cpp; name = Localized.cpp; path = ../../Source/Util/Localized.cpp; sourceTree = "SOURCE_ROOT"; };
		E60B536A85D676F398587AA0 = {isa = PBXFileReference; lastKnownFileType = sourcecode.c.h; name = IconThread.h; path = "../../Source/Components/Pages/Home Page/IconThread.h"; sourceTree = "SOURCE_ROOT"; };
		E74FB2AE953C4B7F19F17360 = {isa = PBXFileReference; lastKnownFileType = file; name = "juce_gui_basics"; path = "../../deps/JUCE/modules/juce_gui_basics"; sourceTree = "SOURCE_ROOT"; };
		E7D0A3633C3BAD15D88AF8EF = {isa = PBXFileReference; lastKnownFileType = sourcecode.cpp.cpp; name = SettingsPage.cpp; path = "../../Source/Components/Pages/Settings Page/SettingsPage.cpp"; sourceTree = "SOURCE_ROOT"; };
		EDB8737E32ADFE4062B2F271 = {isa = PBXFileReference; lastKnownFileType = sourcecode.c.h; name = ConfigurableLabel.h; path = ../../Source/Components/Configurable/ConfigurableLabel.h; sourceTree = "SOURCE_ROOT"; };
		EE0860C56D0E35295F0CD347 = {isa = PBXFileReference; lastKnownFileType = sourcecode.cpp.cpp; name = AppMenuPopupEditor.cpp; path = "../../Source/Components/Pages/Home Page/AppMenu/Menu Editors/AppMenuPopupEditor.cpp"; sourceTree = "SOURCE_ROOT"; };
		EEA5E18A0CAB4FA3C57C4951 = {isa = PBXFileReference; lastKnownFileType = wrapper.framework; name = Carbon.framework; path = System/Library/Frameworks/Carbon.framework; sourceTree = SDKROOT; };
		EF06DE8BB9E6C5B5EC0AF16C = {isa = PBXFileReference; lastKnownFileType = sourcecode.c.h; name = Localized.h; path = ../../Source/Util/Localized.h; sourceTree = "SOURCE_ROOT"; };
		EF0777B21B337F6A85095494 = {isa = PBXFileReference; lastKnownFileType = sourcecode.c.h; name = ListEditor.h; path = ../../Source/Components/Widgets/ListEditor.h; sourceTree = "SOURCE_ROOT"; };
		EF57F8D59B0C326941BD663E = {isa = PBXFileReference; lastKnownFileType = sourcecode.cpp.objcpp; name = "include_juce_data_structures.mm"; path = "../../JuceLibraryCode/include_juce_data_structures.mm"; sourceTree = "SOURCE_ROOT"; };
		F1352089ACD0E52AE626B817 = {isa = PBXFileReference; lastKnownFileType = sourcecode.c.h; name = HomeSettingsPage.h; path = "../../Source/Components/Pages/Home Settings Page/HomeSettingsPage.h"; sourceTree = "SOURCE_ROOT"; };
		F2F496FAF9C420819210AB79 = {isa = PBXFileReference; lastKnownFileType = sourcecode.cpp.cpp; name = RelativeLayoutManager.cpp; path = ../../Source/Components/RelativeLayoutManager.cpp; sourceTree = "SOURCE_ROOT"; };
		F38B3B9D4952E5831DEFF7BE = {isa = PBXFileReference; lastKnownFileType = sourcecode.cpp.cpp; name = AssetFiles.cpp; path = "../../Source/Shared Resources/AssetFiles.cpp"; sourceTree = "SOURCE_ROOT"; };
		F3B41E0F996958EA3F61CCD3 = {isa = PBXFileReference; lastKnownFileType = sourcecode.cpp.cpp; name = ComponentEditorPage.cpp; path = "../../Source/Components/Pages/UI Page/ComponentEditorPage.cpp"; sourceTree = "SOURCE_ROOT"; };
		F43F5412E5FD1BFB87CA87E6 = {isa = PBXFileReference; lastKnownFileType = sourcecode.cpp.cpp; name = HomePage.cpp; path = "../../Source/Components/Pages/Home Page/HomePage.cpp"; sourceTree = "SOURCE_ROOT"; };
		F452132CA9D3D080E83AD424 = {isa = PBXFileReference; lastKnownFileType = sourcecode.cpp.cpp; name = WifiSettingsComponent.cpp; path = "../../Source/Components/Pages/Settings Page/WifiSettingsComponent.cpp"; sourceTree = "SOURCE_ROOT"; };
		F4952FBC07881B0BFC4F5990 = {isa = PBXFileReference; lastKnownFileType = sourcecode.cpp.cpp; name = PageStackComponent.cpp; path = ../../Source/Components/Pages/PageStackComponent.cpp; sourceTree = "SOURCE_ROOT"; };
		F566D19DB0DCB621BA0281C3 = {isa = PBXFileReference; lastKnownFileType = sourcecode.c.h; name = NMPPActiveConnection.h; path = ../../Source/GLib/LibNM/NMPPActiveConnection.h; sourceTree = "SOURCE_ROOT"; };
		F6611C402BB2F3A63AC2C0CD = {isa = PBXFileReference; lastKnownFileType = sourcecode.c.h; name = PocketHomeWindow.h; path = ../../Source/Components/PocketHomeWindow.h; sourceTree = "SOURCE_ROOT"; };
		F758B2C099DA5225FC9BB454 = {isa = PBXFileReference; lastKnownFileType = sourcecode.cpp.cpp; name = I2CBus.cpp; path = ../../Source/Hardware/I2CBus.cpp; sourceTree = "SOURCE_ROOT"; };
		FB6383E5D3C9D7C04AB806E9 = {isa = PBXFileReference; lastKnownFileType = sourcecode.c.h; name = OverlaySpinner.h; path = ../../Source/Components/Widgets/OverlaySpinner.h; sourceTree = "SOURCE_ROOT"; };
		FBB8317B019C4A10DD12AE7A = {isa = PBXFileReference; lastKnownFileType = sourcecode.cpp.cpp; name = CounterComponent.cpp; path = ../../Source/Components/Widgets/CounterComponent.cpp; sourceTree = "SOURCE_ROOT"; };
		FCE789CF086443EA3D67D87A = {isa = PBXFileReference; lastKnownFileType = sourcecode.cpp.cpp; name = AppConfigFile.cpp; path = "../../Source/Shared Resources/Config Files/AppConfigFile.cpp"; sourceTree = "SOURCE_ROOT"; };
		FD783D6449E228DE209A13C8 = {isa = PBXFileReference; lastKnownFileType = sourcecode.c.h; name = DesktopEntryMenuItem.h; path = "../../Source/Components/Pages/Home Page/AppMenu/Menu Items/DesktopEntryMenuItem.h"; sourceTree = "SOURCE_ROOT"; };
		FE2AD97F03F339F27E32A12D = {isa = PBXFileReference; lastKnownFileType = sourcecode.cpp.cpp; name = BinaryData.cpp; path = ../../JuceLibraryCode/BinaryData.cpp; sourceTree = "SOURCE_ROOT"; };
		8276413844176736FBBD93FD = {isa = PBXGroup; children = (
					C4A55CD338AC718F0A513A66,
					838A1FDC1A43D1D0D86FFFD8,
					BEA73F0F044F15F4ECD6275B, ); name = assets; sourceTree = "<group>"; };
		B0FB81877CED0E0960066A51 = {isa = PBXGroup; children = (
					9A31713BEC517A71B37737E6,
					C65E35B0D721312EDB479E3F,
					094DE65A02C39F15A43C7F1A,
					F566D19DB0DCB621BA0281C3,
					AF9FAF5B2650B30ED5626FEB,
					838C283DE24825BC5221EE7A,
					B5CFC39A1D2614EA21B8500D,
					D4DB1A0B6D5A4EE8C57333FE,
					8A5575DEE1EE90479556C79A,
					56AC429C5B3420A45299748E, ); name = LibNM; sourceTree = "<group>"; };
		845F00A085A7A7658B441348 = {isa = PBXGroup; children = (
					B0FB81877CED0E0960066A51,
					AC1C3B5E6DE4CEF8FE259DA5,
					7190754A2E6CDFC7F8595EA5,
					3B2D54137C44BEEF047456E3,
					CF6E44E7A3E5A5D93E31A8EF,
					D59BB36F63A298B3BAC2A2A6,
					51FADB3E23C5B6BDBD632DB4, ); name = GLib; sourceTree = "<group>"; };
		D556E741CF1652286D948ECC = {isa = PBXGroup; children = (
					E0D0FB1F85D1B47414494937,
					491E5A19F62827638AB4C9FE,
					87EAB58FD64F62ABB3028472,
					4E92A96336E7B42E83B50078, ); name = GLib; sourceTree = "<group>"; };
		A97F6D4D0C68ACC50A214162 = {isa = PBXGroup; children = (
					9B4275CC55034D8F09F08B16,
					B25CDAE824C1A78C92DDEB59,
					FCE789CF086443EA3D67D87A,
					12200287DFF15C57B66D7558,
					6CC42B977B1D15C7E859694B,
					9E540A3E94E0A2EE5EA10B0E,
					B9A1635A6BAA7C299138DEC3,
					DC4901B8654018F2D9C5C578, ); name = "Config Files"; sourceTree = "<group>"; };
		9E4AA629394D622794951120 = {isa = PBXGroup; children = (
					F38B3B9D4952E5831DEFF7BE,
					3105B73F35E282F0CC2DF4F3,
					D556E741CF1652286D948ECC,
					A97F6D4D0C68ACC50A214162,
					890FCC4B9B1D629087A8E764,
					6664AC21552F974424D0C145, ); name = "Shared Resources"; sourceTree = "<group>"; };
		E06F72F738CED4F4ED7F1D8C = {isa = PBXGroup; children = (
					E16A82F1FB9A31916DEEBA9E,
					1D245B6E8B1AEAA57F3E55ED, ); name = "Advanced Settings Page"; sourceTree = "<group>"; };
		51403B19BFE0E179E42D93DC = {isa = PBXGroup; children = (
					7F5A3D221DA1F0E438E56057,
					33EC27EA6FDBC6D293501C86, ); name = "DateTime Page"; sourceTree = "<group>"; };
		2BC231002A29E5D389C2D42D = {isa = PBXGroup; children = (
					9F9204F6A483ABAB95700CCE,
					167B931A61D60EC3DFE06778,
					1CC9DDA62B928C623D1C2EE2,
					A40D7F8E5CEFD9EE7A0DB166, ); name = "Menu Types"; sourceTree = "<group>"; };
		5797A456D46234673F75650C = {isa = PBXGroup; children = (
					B6EC3B4CE1ECD55CDDC6CBB8,
					3F54304E794DA80D5D4425CC,
					9CC3777BF6C5C56A176C4974,
					7618424B43AAB00C45F316A2,
					D4641C0661C60CC592DDC2AA,
					CFC944296FCC4DBD43C0E99C,
					D521F50FCD0434FD55560B5A,
					FD783D6449E228DE209A13C8,
					159F7A356414F09C404E271F,
					7A3ACDAAE26E457BBE035DFB,
					8E1E710ECEEBEF009ABF477C,
					4CB3CCF9ADE8E6BB74A4689D, ); name = "Menu Items"; sourceTree = "<group>"; };
		67EFBD8854794A0F7EE165E1 = {isa = PBXGroup; children = (
					1038A7DDDE2F7A6771152C77,
					D384A02AF30DD63A309DCA7D,
					6290E082A822E3C728AB4B0B,
					1F10F22B68853898866A4490, ); name = "Menu Folders"; sourceTree = "<group>"; };
		80B0578423885ADD15E88086 = {isa = PBXGroup; children = (
					0C507CE1846AC662B91CB6E8,
					D35B5C227F8B50495BCD7477,
					71D9E2052FB7F3B71773C017,
					1E9E217DFCDE71E1995501E0,
					8269D6C9E7CC0211F5E06EF6,
					9E7FBB2072315B967114AF51,
					E2D647542D2E34C2F965A198,
					4A5B176F36A2960AD6CD82FC,
					EE0860C56D0E35295F0CD347,
					CEDE008DE3D42E04A51F2BDE, ); name = "Menu Editors"; sourceTree = "<group>"; };
		893618FB289A6FF4A70078F2 = {isa = PBXGroup; children = (
					0426EA016292DCDC1E11ACE7,
					4450F5D4B9270A5C020DCCC5,
					C4D7FE1DA1356C5ED7060AAF,
					66437E769AE6FADAE19C2E2F,
					5B7E8DCDDC03ECA2491BBA4C,
					17AB6C1399ED873A9FACEA96,
					2BC231002A29E5D389C2D42D,
					5797A456D46234673F75650C,
					67EFBD8854794A0F7EE165E1,
					80B0578423885ADD15E88086, ); name = AppMenu; sourceTree = "<group>"; };
		79A29D1303A3E058626B72D3 = {isa = PBXGroup; children = (
					E1438BEB74EC4304AF0F374D,
					5C7604E65FFEB432A94A3F6C,
					94A20F14CE3CA585AFAFE915,
					AAE7BFD57345856E7DD7816D,
					BB88AEE494C74F681E8BC6C3,
					6D2FE986B52FDE25D45161C2, ); name = Widgets; sourceTree = "<group>"; };
		F6220F92F5FE2B60D16C9BD0 = {isa = PBXGroup; children = (
					893618FB289A6FF4A70078F2,
					79A29D1303A3E058626B72D3,
					F43F5412E5FD1BFB87CA87E6,
					8431658E51F02215B2534BB3,
					897980146157FFFC8BCDC121,
					BE9381A7423993D51DA1FBDA,
					7C3E4C869E99FADE0993F217,
					47148987E465351B8F6A67A5,
					2EF91E7A9E2B5655A260AF0B,
					E60B536A85D676F398587AA0, ); name = "Home Page"; sourceTree = "<group>"; };
		D7C563D54BAF23DB16D38A5F = {isa = PBXGroup; children = (
					37F2E4C31D4DCC45CD05E0F4,
					F1352089ACD0E52AE626B817, ); name = "Home Settings Page"; sourceTree = "<group>"; };
		7629974F29E3CE9BFC362CC8 = {isa = PBXGroup; children = (
					BE1714D68A7F5872612D9985,
					ABCD83F44762050DAABDA678,
					CCB05640E882085945DE52FC,
					69439DA221C36FABCFE2A5C0, ); name = "Input Settings Page"; sourceTree = "<group>"; };
		10C2D501B74E518355AFB41E = {isa = PBXGroup; children = (
					2B672416585515F67A785F57,
					E43C5D0CB760B3B2A0389C2D, ); name = "Login Page"; sourceTree = "<group>"; };
		FBA33BDA53A4981E5DE53410 = {isa = PBXGroup; children = (
					A1B36B0F55CDE29CF30CA280,
					CF407C86342F2A5CBAFE9DC9,
					B10E9250465990614A3E0B71,
					7AFE86488F880BC92D685C46,
					C4B7F2605DDC614A6295BC76,
					E1D44C2FDC9CEEF6124A0276, ); name = "Password Pages"; sourceTree = "<group>"; };
		E9EC8369276B45845216ECF9 = {isa = PBXGroup; children = (
					45D42417D3D0CEAC8E93F20B,
					7035C11BC5EAB1E71C8507CF,
					B281180296E2F68C0D1C81FE,
					51DE45AF71067519A80E9FE6, ); name = "Power Page"; sourceTree = "<group>"; };
		663A784635D4704F72715384 = {isa = PBXGroup; children = (
					E31856ECFC4A1614ACF556D6,
					762F992C19C2E300EAB92094,
					E7D0A3633C3BAD15D88AF8EF,
					4F793CD40BCFC0F4C2F05060,
					F452132CA9D3D080E83AD424,
					1748C1E55244590122D8CC5A,
					AB0E482DAE9BEB8A259F2C17,
					8993BE527F7A7D6B9298CE68,
					5A984E825881A6C4DC98B605,
					0307E00AE2BF0E6B52A232A6,
					D25904B3F92D44E58B04C268,
					E337D354CA8232D7FD660EC8,
					65FFD0896B1D0EEFB2A5024F,
					0AB983278C42608D47FDF4CF, ); name = "Settings Page"; sourceTree = "<group>"; };
		293FCCDD16AB557B1FE4FAAA = {isa = PBXGroup; children = (
					A12883C88EDA0F7068A4A4FE,
					2123E1518C6AE49148583293,
					F3B41E0F996958EA3F61CCD3,
					CAE2CF1857D6CF7CF649CA21,
					D2E6D861C600DCFFB2AAE9A1,
					1284931310C6E8F348865112, ); name = "UI Page"; sourceTree = "<group>"; };
		2C6EB5C34648D0ED406443A4 = {isa = PBXGroup; children = (
					981E053B45C0EA999DEBAC94,
					87DC26425F9CBA11CCC5C5B1,
					48A28AD8DCB2D133CDC9D639,
					ADC1E77A79394AAFDB0E4350,
					F4952FBC07881B0BFC4F5990,
					4223ACAC7C171CF75945FD82,
					E06F72F738CED4F4ED7F1D8C,
					51403B19BFE0E179E42D93DC,
					F6220F92F5FE2B60D16C9BD0,
					D7C563D54BAF23DB16D38A5F,
					7629974F29E3CE9BFC362CC8,
					10C2D501B74E518355AFB41E,
					FBA33BDA53A4981E5DE53410,
					E9EC8369276B45845216ECF9,
					663A784635D4704F72715384,
					293FCCDD16AB557B1FE4FAAA, ); name = Pages; sourceTree = "<group>"; };
		7A6D449AF4ECDB030B1AF8A2 = {isa = PBXGroup; children = (
					AC61110E42BA7191BE529001,
					70821AA3FFF3F16D181E7613,
					D8DEF28E7800C921E6C71479,
					A913E91CDEDFFF580C9345C6,
					E06FCE4B68E53D63EEE9F3CC,
					8312A28FFDD47BDB369486D8,
					462DED55618D22F9993189CA,
					EDB8737E32ADFE4062B2F271, ); name = Configurable; sourceTree = "<group>"; };
		43D4C0ABDFF23BF1E430A832 = {isa = PBXGroup; children = (
					C1D33117DF650FD4889D2C6F,
					170916E09422D64072DF440A,
					FBB8317B019C4A10DD12AE7A,
					475FC4F5631972844640A9DB,
					DA4E58E9574DC56015EEA841,
					67AA4D9217AAC7923E25470D,
					BE655347BAD4E44ECC084EA8,
					82DB43E1A7C3F4211F048882,
					34EE50B8A88E258EB034ABF6,
					BC8B99BDB27FF812849CE45D,
					37310C7442FBD234B08165F9,
					BE10AC05F743D7B9F14B072B,
					6419A817F1F0AA5F8537161E,
					EF0777B21B337F6A85095494,
					4794C5E96614B9F6C77FF900,
					FB6383E5D3C9D7C04AB806E9,
					89234BC727CA2C744ADB0F0D,
					BEB8D90EBC405F8D7A14FE80,
					B3576DEEE01E52FB3C5C8398,
					9912A25465A1A956D891C7CB,
					1C81254A1679A7E194399A32,
					E3BB77CB324E7BEAE96C11CE,
					63F235E0AED98F95153223EA,
					046C580CAE38B6EA5D85FF85, ); name = Widgets; sourceTree = "<group>"; };
		FE8CAAF1F4599E1506C8A569 = {isa = PBXGroup; children = (
					2C6EB5C34648D0ED406443A4,
					7A6D449AF4ECDB030B1AF8A2,
					43D4C0ABDFF23BF1E430A832,
					32E135486EC1BF2307CFBA1A,
					F6611C402BB2F3A63AC2C0CD,
					43618EC1AF9B84CDF65343BF,
					AD9CB3537563586C23BF79A5,
					F2F496FAF9C420819210AB79,
					6E7279BB5B08F4915D165DC8, ); name = Components; sourceTree = "<group>"; };
		F42580DD8F13CBCA9F8F5F08 = {isa = PBXGroup; children = (
					3128ADAE4017945526723CF2,
					AF85600A95C0E3FD80EF8B3A,
					D0D6C84698A73DBD8D8BF6C4,
					27EDC644BA1FBAB9D222093E,
					B6F8190575C8F212449D8A4D,
					25C5392C32076B1A62B3A0F9, ); name = Bluetooth; sourceTree = "<group>"; };
		251E2BD47EBDE05BA9E23092 = {isa = PBXGroup; children = (
					60855E54EB5FD1F66FEF69F1,
					B39E6E5A59F99386A79EEE1E,
					899727573DDE36107D3F7784,
					22200823820DDB5572F33C7A,
					5F465EF5D7C4E41ED0240D5D,
					88C0E7B8F9D9D8AC38FDAD08,
					55FB232EDA1450C232B65FFE,
					03D6C04565CB9E3587DE89FF, ); name = LibNM; sourceTree = "<group>"; };
		FCAE40D7F9CB5383DE0C8EEB = {isa = PBXGroup; children = (
					251E2BD47EBDE05BA9E23092,
					9430064C1E372F7949061BB6,
					03B199F254A33BC958ADCCB3,
					D1232B45052DF74E9F94FBEF,
					D7BD7BAFCACEEC55DAD0B9AA,
					DD2505E3F0EAFCF94A273BDB,
					37C367E101C43E48D3754E75, ); name = Wifi; sourceTree = "<group>"; };
		F8F91A6C3F6C7B31C6D25A9C = {isa = PBXGroup; children = (
					F42580DD8F13CBCA9F8F5F08,
					FCAE40D7F9CB5383DE0C8EEB,
					8D7304E1AC0835929285679A,
					70BE9E54871BBE196842E167,
					36D43AF5E05B42C8B5F85DC8,
					3E71BA3DC08DBA677F7E3919,
					6519D4800DAC6619BC560289,
					C97A48479D78AB0B674A13A0,
					F758B2C099DA5225FC9BB454,
					69EF9AE7DD1D8427E430FE98, ); name = Hardware; sourceTree = "<group>"; };
		60553D032698E22478A3BFC0 = {isa = PBXGroup; children = (
					DEEB7CA214AC81F3883BE35C,
					E3A456EB4A82D5986837A591,
					209C74FC6664A1A2358F7FE1,
					A97B710E3DB922B922556E74,
					201B4889632122AEF45DBFF2,
					BF2F5C3804D345C3559158A1,
					6CFDA6AF69461AA135CB51A1,
					9B32EC50CA9C1B328AACF8FD,
					E5826A983B027063134745EB,
					EF06DE8BB9E6C5B5EC0AF16C,
					A97398521CC28C5AF53B2F4D,
					CDB566C6123412FC865C161B, ); name = Util; sourceTree = "<group>"; };
		60F3A7B8686F8757E46AB3EA = {isa = PBXGroup; children = (
					845F00A085A7A7658B441348,
					9E4AA629394D622794951120,
					FE8CAAF1F4599E1506C8A569,
					F8F91A6C3F6C7B31C6D25A9C,
					60553D032698E22478A3BFC0,
					00F169F4F344BBF6892637D1,
					2E2C7D43326A4B3E097172C2,
					409096AF3FAC19F2F082F497, ); name = Source; sourceTree = "<group>"; };
		724F7C53A0798F4669298BFC = {isa = PBXGroup; children = (
					8276413844176736FBBD93FD,
					60F3A7B8686F8757E46AB3EA, ); name = "pocket-home"; sourceTree = "<group>"; };
		4CEF3418D19A685126462301 = {isa = PBXGroup; children = (
					6D6C24217AA339D3A3F43101,
					0ABE7BEDB69639F8DF05520A,
					927364F39ABEA3B200BB7AC8,
					2C5B36B8DD840900AE795403,
					E74FB2AE953C4B7F19F17360, ); name = "JUCE Modules"; sourceTree = "<group>"; };
		8A7F5FE0CE177148FCDAED3C = {isa = PBXGroup; children = (
					BB3D58FDF2D817776CE58B99,
					FE2AD97F03F339F27E32A12D,
					268002476783FE4870678DF8,
					4C2B033D0DAAA6309E330DE7,
					EF57F8D59B0C326941BD663E,
					3D8BA8E1900EE05677B2CC13,
					0D6AC4CD1AB952DA99E28B23,
					CD053589A2351711B21EACAE,
					298E0983DA02576FB93C0A89, ); name = "JUCE Library Code"; sourceTree = "<group>"; };
		91D3E1ED383F8C8DE8CEE220 = {isa = PBXGroup; children = (
					243FA0B57C56989919E43EF7,
					81D682238B383EB3D7010236,
					BE9381A7423993D51DA1FBDA, ); name = Resources; sourceTree = "<group>"; };
		F52C15B3C4E93E9FE736BCD9 = {isa = PBXGroup; children = (
					EEA5E18A0CAB4FA3C57C4951,
					64CDB83B7CD434FF78AD3B16,
					793D45A4A9D717F9F0133903,
					B5DCAF01E0490D7413E9E85F, ); name = Frameworks; sourceTree = "<group>"; };
		3227693E509670763A902693 = {isa = PBXGroup; children = (
					6A875CD85DD44645993BEF8A, ); name = Products; sourceTree = "<group>"; };
		EAE3484DB3DCF2C91BC0EF4C = {isa = PBXGroup; children = (
					724F7C53A0798F4669298BFC,
					4CEF3418D19A685126462301,
					8A7F5FE0CE177148FCDAED3C,
					91D3E1ED383F8C8DE8CEE220,
					F52C15B3C4E93E9FE736BCD9,
					3227693E509670763A902693, ); name = Source; sourceTree = "<group>"; };
		635F10322A3786ADEF6D97AE = {isa = XCBuildConfiguration; buildSettings = {
				CLANG_CXX_LANGUAGE_STANDARD = "c++14";
				CLANG_LINK_OBJC_RUNTIME = NO;
				COMBINE_HIDPI_IMAGES = YES;
				CONFIGURATION_BUILD_DIR = ../../build;
				COPY_PHASE_STRIP = NO;
				GCC_DYNAMIC_NO_PIC = NO;
				GCC_OPTIMIZATION_LEVEL = 0;
				GCC_PREPROCESSOR_DEFINITIONS = (
					"_DEBUG=1",
					"DEBUG=1",
					"JUCER_XCODE_MAC_F6D2F4CF=1",
					"JUCE_APP_VERSION=0.0.1",
					"JUCE_APP_VERSION_HEX=0x1",
					"JucePlugin_Build_VST=0",
					"JucePlugin_Build_VST3=0",
					"JucePlugin_Build_AU=0",
					"JucePlugin_Build_AUv3=0",
					"JucePlugin_Build_RTAS=0",
					"JucePlugin_Build_AAX=0",
					"JucePlugin_Build_Standalone=0", );
				GCC_VERSION = com.apple.compilers.llvm.clang.1_0;
				HEADER_SEARCH_PATHS = ("../../JuceLibraryCode", "../../deps/JUCE/modules", "\"../../Source/Components/Pages/Home Page/AppMenu/Menu Editors\"", "\"../../Source/Components/Pages/Advanced Settings Page\"", "\"../../Source/Components/Pages/DateTime Page\"", "\"../../Source/Components/Pages/Home Page\"", "../../Source/Hardware", "../../Source/Hardware/Wifi", "\"../../Source/Components/Pages/Home Page/AppMenu/Menu Items\"", "../../Source", "\"../../Source/Shared Resources\"", "../../Source/Components/Widgets", "../../Source/Components/Pages", "\"../../Source/Components/Pages/Home Page/Widgets\"", "\"../../Source/Components/Pages/Home Page/AppMenu\"", "../../Source/GLib", "\"../../Source/Components/Pages/Power Page\"", "\"../../Source/Components/Pages/Home Page/AppMenu/Menu Types\"", "\"../../Source/Components/Pages/Password Pages\"", "../../Source/Util", "\"../../Source/Components/Pages/Home Settings Page\"", "\"../../Source/Components/Pages/Settings Page\"", "../../Source/GLib/LibNM", "\"../../Source/Components/Pages/Login Page\"", "../../Source/Components/Configurable", "../../Source/Components", "../../Source/Hardware/Bluetooth", "\"../../Source/Components/Pages/Input Settings Page\"", "\"../../Source/Components/Pages/Home Page/AppMenu/Menu Folders\"", "\"../../Source/Shared Resources/Config Files\"", "\"../../Source/Components/Pages/UI Page\"", "$(inherited)");
				INFOPLIST_FILE = Info-App.plist;
				INFOPLIST_PREPROCESS = NO;
				INSTALL_PATH = "$(HOME)/Applications";
				MACOSX_DEPLOYMENT_TARGET = 10.10;
				MACOSX_DEPLOYMENT_TARGET_ppc = 10.4;
				PRODUCT_BUNDLE_IDENTIFIER = co.nextthing.PokeLaunch;
				SDKROOT_ppc = macosx10.5;
				USE_HEADERMAP = NO; }; name = Debug; };
		C0448FECE564C0B85D724E32 = {isa = XCBuildConfiguration; buildSettings = {
				CLANG_CXX_LANGUAGE_STANDARD = "c++14";
				CLANG_LINK_OBJC_RUNTIME = NO;
				COMBINE_HIDPI_IMAGES = YES;
				CONFIGURATION_BUILD_DIR = ../../build;
				DEAD_CODE_STRIPPING = YES;
				GCC_GENERATE_DEBUGGING_SYMBOLS = NO;
				GCC_OPTIMIZATION_LEVEL = 3;
				GCC_PREPROCESSOR_DEFINITIONS = (
					"_NDEBUG=1",
					"NDEBUG=1",
					"JUCER_XCODE_MAC_F6D2F4CF=1",
					"JUCE_APP_VERSION=0.0.1",
					"JUCE_APP_VERSION_HEX=0x1",
					"JucePlugin_Build_VST=0",
					"JucePlugin_Build_VST3=0",
					"JucePlugin_Build_AU=0",
					"JucePlugin_Build_AUv3=0",
					"JucePlugin_Build_RTAS=0",
					"JucePlugin_Build_AAX=0",
					"JucePlugin_Build_Standalone=0", );
				GCC_SYMBOLS_PRIVATE_EXTERN = YES;
				GCC_VERSION = com.apple.compilers.llvm.clang.1_0;
				HEADER_SEARCH_PATHS = ("../../JuceLibraryCode", "../../deps/JUCE/modules", "\"../../Source/Components/Pages/Home Page/AppMenu/Menu Editors\"", "\"../../Source/Components/Pages/Advanced Settings Page\"", "\"../../Source/Components/Pages/DateTime Page\"", "\"../../Source/Components/Pages/Home Page\"", "../../Source/Hardware", "../../Source/Hardware/Wifi", "\"../../Source/Components/Pages/Home Page/AppMenu/Menu Items\"", "../../Source", "\"../../Source/Shared Resources\"", "../../Source/Components/Widgets", "../../Source/Components/Pages", "\"../../Source/Components/Pages/Home Page/Widgets\"", "\"../../Source/Components/Pages/Home Page/AppMenu\"", "../../Source/GLib", "\"../../Source/Components/Pages/Power Page\"", "\"../../Source/Components/Pages/Home Page/AppMenu/Menu Types\"", "\"../../Source/Components/Pages/Password Pages\"", "../../Source/Util", "\"../../Source/Components/Pages/Home Settings Page\"", "\"../../Source/Components/Pages/Settings Page\"", "../../Source/GLib/LibNM", "\"../../Source/Components/Pages/Login Page\"", "../../Source/Components/Configurable", "../../Source/Components", "../../Source/Hardware/Bluetooth", "\"../../Source/Components/Pages/Input Settings Page\"", "\"../../Source/Components/Pages/Home Page/AppMenu/Menu Folders\"", "\"../../Source/Shared Resources/Config Files\"", "\"../../Source/Components/Pages/UI Page\"", "$(inherited)");
				INFOPLIST_FILE = Info-App.plist;
				INFOPLIST_PREPROCESS = NO;
				INSTALL_PATH = "$(HOME)/Applications";
				LLVM_LTO = YES;
				MACOSX_DEPLOYMENT_TARGET = 10.10;
				MACOSX_DEPLOYMENT_TARGET_ppc = 10.4;
				PRODUCT_BUNDLE_IDENTIFIER = co.nextthing.PokeLaunch;
				SDKROOT_ppc = macosx10.5;
				USE_HEADERMAP = NO; }; name = Release; };
		68293511F6719BBEC02B56DE = {isa = XCBuildConfiguration; buildSettings = {
				ALWAYS_SEARCH_USER_PATHS = NO;
				CLANG_WARN_BLOCK_CAPTURE_AUTORELEASING = YES;
				CLANG_WARN_BOOL_CONVERSION = YES;
				CLANG_WARN_COMMA = YES;
				CLANG_WARN_CONSTANT_CONVERSION = YES;
				CLANG_WARN_EMPTY_BODY = YES;
				CLANG_WARN_ENUM_CONVERSION = YES;
				CLANG_WARN_INFINITE_RECURSION = YES;
				CLANG_WARN_INT_CONVERSION = YES;
				CLANG_WARN_NON_LITERAL_NULL_CONVERSION = YES;
				CLANG_WARN_OBJC_LITERAL_CONVERSION = YES;
				CLANG_WARN_RANGE_LOOP_ANALYSIS = YES;
				CLANG_WARN_STRICT_PROTOTYPES = YES;
				CLANG_WARN_SUSPICIOUS_MOVE = YES;
				CLANG_WARN_UNREACHABLE_CODE = YES;
				CLANG_WARN__DUPLICATE_METHOD_MATCH = YES;
				DEBUG_INFORMATION_FORMAT = "dwarf";
				ENABLE_STRICT_OBJC_MSGSEND = YES;
				ENABLE_TESTABILITY = YES;
				GCC_C_LANGUAGE_STANDARD = c11;
				GCC_INLINES_ARE_PRIVATE_EXTERN = YES;
				GCC_MODEL_TUNING = G5;
				GCC_NO_COMMON_BLOCKS = YES;
				GCC_WARN_64_TO_32_BIT_CONVERSION = YES;
				GCC_WARN_ABOUT_RETURN_TYPE = YES;
				GCC_WARN_CHECK_SWITCH_STATEMENTS = YES;
				GCC_WARN_MISSING_PARENTHESES = YES;
				GCC_WARN_NON_VIRTUAL_DESTRUCTOR = YES;
				GCC_WARN_TYPECHECK_CALLS_TO_PRINTF = YES;
				GCC_WARN_UNDECLARED_SELECTOR = YES;
				GCC_WARN_UNINITIALIZED_AUTOS = YES;
				GCC_WARN_UNUSED_FUNCTION = YES;
				GCC_WARN_UNUSED_VARIABLE = YES;
				ONLY_ACTIVE_ARCH = YES;
				PRODUCT_NAME = "pocket-home";
				WARNING_CFLAGS = -Wreorder;
				ZERO_LINK = NO; }; name = Debug; };
		FFFF0001D5941114205CB487 = {isa = XCBuildConfiguration; buildSettings = {
				ALWAYS_SEARCH_USER_PATHS = NO;
				CLANG_WARN_BLOCK_CAPTURE_AUTORELEASING = YES;
				CLANG_WARN_BOOL_CONVERSION = YES;
				CLANG_WARN_COMMA = YES;
				CLANG_WARN_CONSTANT_CONVERSION = YES;
				CLANG_WARN_EMPTY_BODY = YES;
				CLANG_WARN_ENUM_CONVERSION = YES;
				CLANG_WARN_INFINITE_RECURSION = YES;
				CLANG_WARN_INT_CONVERSION = YES;
				CLANG_WARN_NON_LITERAL_NULL_CONVERSION = YES;
				CLANG_WARN_OBJC_LITERAL_CONVERSION = YES;
				CLANG_WARN_RANGE_LOOP_ANALYSIS = YES;
				CLANG_WARN_STRICT_PROTOTYPES = YES;
				CLANG_WARN_SUSPICIOUS_MOVE = YES;
				CLANG_WARN_UNREACHABLE_CODE = YES;
				CLANG_WARN__DUPLICATE_METHOD_MATCH = YES;
				DEBUG_INFORMATION_FORMAT = "dwarf";
				ENABLE_STRICT_OBJC_MSGSEND = YES;
				GCC_C_LANGUAGE_STANDARD = c11;
				GCC_INLINES_ARE_PRIVATE_EXTERN = YES;
				GCC_MODEL_TUNING = G5;
				GCC_NO_COMMON_BLOCKS = YES;
				GCC_WARN_64_TO_32_BIT_CONVERSION = YES;
				GCC_WARN_ABOUT_RETURN_TYPE = YES;
				GCC_WARN_CHECK_SWITCH_STATEMENTS = YES;
				GCC_WARN_MISSING_PARENTHESES = YES;
				GCC_WARN_NON_VIRTUAL_DESTRUCTOR = YES;
				GCC_WARN_TYPECHECK_CALLS_TO_PRINTF = YES;
				GCC_WARN_UNDECLARED_SELECTOR = YES;
				GCC_WARN_UNINITIALIZED_AUTOS = YES;
				GCC_WARN_UNUSED_FUNCTION = YES;
				GCC_WARN_UNUSED_VARIABLE = YES;
				PRODUCT_NAME = "pocket-home";
				WARNING_CFLAGS = -Wreorder;
				ZERO_LINK = NO; }; name = Release; };
		0811352FFD368EE4D264EB19 = {isa = PBXTargetDependency; target = 385B54442CDC33E967702EC3; };
		71A074F23EC82ADE69B8D947 = {isa = XCConfigurationList; buildConfigurations = (
					68293511F6719BBEC02B56DE,
					FFFF0001D5941114205CB487, ); defaultConfigurationIsVisible = 0; defaultConfigurationName = Debug; };
		3DFF0F63AEA005495E51372E = {isa = XCConfigurationList; buildConfigurations = (
					635F10322A3786ADEF6D97AE,
					C0448FECE564C0B85D724E32, ); defaultConfigurationIsVisible = 0; defaultConfigurationName = Debug; };
		E516430E69AFE7FF222054F4 = {isa = PBXResourcesBuildPhase; buildActionMask = 2147483647; files = (
					B60DD03FE5B471BE4AFBF56B,
					3102053A2DDCA9E11B72D17E, ); runOnlyForDeploymentPostprocessing = 0; };
		467462E1976B8F50EA1165E3 = {isa = PBXSourcesBuildPhase; buildActionMask = 2147483647; files = (
					3C341B96D4C11B4115DF4840,
					E72DAE41E236FF34D66C029A,
					93CA951D185E004D0F76A141,
					72BB3670FEA222188D0123BB,
					BCE59FA4BEDBDA1C4099F77D,
					FE4E26B71FD96D461091A63E,
					B7AF5A735E8C649AB188629F,
					36EF6F1D9BA008DFC2AB922D,
					14A654AEE2D7EB794BA504F8,
					F2B0F4B59BD89489DAAFEA96,
					CFA69E6F9E21D2B130786172,
					5E011D1BE06EA8093EC27BF4,
					7CBFEB21C11DE67B562181C3,
					033FB0C0B2493F12724DF17A,
					6DFD83889AE4CFB2C72C3E99,
					EBEE39F8E2AD7B51FCA70A8C,
					AC92A0480BE8451D6278220C,
					9AE402C45D5DEE1DC2F7FCBE,
					3394F245DAD91D720F33E28B,
					1433D20519311360E444E01C,
					3F7F5DB2EE9B8B737AD80DBF,
					A1FA19CC716DE0DC0E4E7307,
					E3440AF2953214E4D8F1F8FF,
					3B741AB945D1D4617857FFB0,
					CAF6F2836DFC06DF7D971E4B,
					072D02007F9809F718A0F57C,
					DA5C73BE1D24D56A73DB97E3,
					310316FE61213C7B404A3B9E,
					D82E4144D722698B1BFB6D1B,
					B371CCA09DFDA9950C2DC5D7,
					95D45D204232A88521262DA6,
					B1D295DD96801348CC5F9CA2,
					3FE9444F4E4FAB72376CE616,
					F6DE0FB42CFF4B6CCB8110EA,
					7846A60543AEB22095AAF226,
					7399F8AA1F81C00D60A188A7,
					BE4C75104868F1AE03FBB5C5,
					9FE79D492DD18C8B0267CFAD,
					1C0D54E7F54264FF1CFDF172,
					D458C12654ADBE63EDDC2230,
					E5245BE8C133079CAAA45A63,
					5123B7C50FF45053C0AEDC25,
					16D0F448CA3E7612210C6E95,
					93A9E75693FE66923C678116,
					AD960E95776D57A5E49CA214,
					F4D8CFA463F743A42A86F8D1,
					D612855DF274D0CA5F2648F6,
					77927985D8AEAC820C077D68,
					30DC97BFB1DADC54F16F857E,
					588CD4B3A5890E60E321EA2C,
					01A1E8266076425BFFBC4AA4,
					4B6E9AE3A0A1D8079A6FE97A,
					9CE0D8EDF90274B66789B5B4,
					A62BBA197B5C6AF9E457A28E,
					6B5F5D25EAAE53CB971A05B4,
					720B5981C48C2EE300F2002D,
					AAF92988679552ADC9208BB0,
					BB9AF355B935270E51B88027,
					21CC56064706FF6C4B0F48A1,
					571FF6F91FF71747C2081CFA,
					539D82E28A39216D82F6C337,
					88EF320222F63EBCCC3A344A,
					6E9AA20D280B6D33B5EDD0AD,
					31A4EC54AC9A2923AAD29698,
					3F9D080180D720002C8887B6,
					57D31E001DE2E70D8114AF89,
					757D2B35242922F89358ACC7,
					FF5E0BF4427F9D4BDBCB963E,
					D587F5CBC33CD0DB4840E35F,
					92DD77698B97EA7A842D3432,
					3D9D9AD4341FD53B830D9595,
					A6594F37ED9F997FD3CE8E49,
					B77B9AE632463AF46B22C780,
					66E74525987429DC01FE8456,
					117A06A573A6F29F786F8203,
					F426C19EB47A17A68C6251DD,
					69A5DFEF7336D04755559783,
					A97769183C256B670C9119AB,
					5BA82AC8089C455D75340590,
					8CB23900821DFA880BF1484F,
					E929002590C85FB73D5DB61D,
					9554CD7AC4626F460BDCA747,
					F5EE6C7360F2005BCF752980,
					BD55C47948A56B7E8CAF3D7C,
					0C981A3DB6BDBDFAC9E696A6,
					B348CBF81B271A6CD2086679,
					49964672DD2CA58C773C9511,
					A631DF9627AE3408C76B6A09,
					9F581359A97CE01C560BD18F,
					C40609296853661FA8474AF7,
					F0E77AC31120CDDC5B9A110D,
					FB42D550D6134B5788239E93,
					7593A587F1D039E505260F05,
					F910AB3C84E1379A3AE54F5A,
					9D51B278A30698DF3EA19B7E,
					0432DAFA4564AC8C76C5D3CA,
					A8D2D4BBDB554A0C823D9483,
					E3F1D0910870ABED557C303A,
					D40938493DBD419F5D2892CB,
					3111794276DA9CB54CDF48EF,
					95876C2594113B087F70CB23,
					B5A3CE3BE1E8B2E9760145C0,
					E6B2ECFD5DC1998A02259616,
					1F4AD938788C2C305A25D230,
					FD27B591DCB838F9D3453720,
					F64DEA2D8C5CCF23A79B7462,
					FB61B5D8BD56502B3F710F99,
					306B1A12D669B20E720BB38E,
					79D08123397EB7193AD84374,
					C6E9B15140A2E1B45ACCBEF5,
					C05ED6CFEAE6927FBFFFB07E, ); runOnlyForDeploymentPostprocessing = 0; };
		2F73E51CD00B10C6EBEDE229 = {isa = PBXFrameworksBuildPhase; buildActionMask = 2147483647; files = (
					1886937E6441DCFDD76A737E,
					EBAA8A562D391B5A05C9CA17,
					7FF75E28BA5CA892192A3B8F,
					B97B8F50999FAC525F837AEC, ); runOnlyForDeploymentPostprocessing = 0; };
		385B54442CDC33E967702EC3 = {isa = PBXNativeTarget; buildConfigurationList = 3DFF0F63AEA005495E51372E; buildPhases = (
					E516430E69AFE7FF222054F4,
					467462E1976B8F50EA1165E3,
					2F73E51CD00B10C6EBEDE229, ); buildRules = ( ); dependencies = (  ); name = "pocket-home - App"; productName = "pocket-home"; productReference = 6A875CD85DD44645993BEF8A; productType = "com.apple.product-type.application"; };
		5295717091895F279C8918D0 = {isa = PBXProject; buildConfigurationList = 71A074F23EC82ADE69B8D947; attributes = { LastUpgradeCheck = 0830; ORGANIZATIONNAME = "Next Thing Co."; TargetAttributes = { 385B54442CDC33E967702EC3 = { SystemCapabilities = {com.apple.ApplicationGroups.iOS = { enabled = 0; }; com.apple.InAppPurchase = { enabled = 0; }; com.apple.InterAppAudio = { enabled = 0; }; com.apple.Push = { enabled = 0; }; com.apple.Sandbox = { enabled = 0; }; }; }; }; }; compatibilityVersion = "Xcode 3.2"; hasScannedForEncodings = 0; mainGroup = EAE3484DB3DCF2C91BC0EF4C; projectDirPath = ""; projectRoot = ""; targets = (385B54442CDC33E967702EC3); };
	};
	rootObject = 5295717091895F279C8918D0;
}
